// !$*UTF8*$!
{
	archiveVersion = 1;
	classes = {
	};
	objectVersion = 46;
	objects = {

/* Begin PBXBuildFile section */
		0209F6661A3E45A40098AB63 /* HistoryViewController.storyboard in Resources */ = {isa = PBXBuildFile; fileRef = 0209F6651A3E45A40098AB63 /* HistoryViewController.storyboard */; };
		0209F6681A3E4DB70098AB63 /* HistoryCell.xib in Resources */ = {isa = PBXBuildFile; fileRef = 0209F6671A3E4DB70098AB63 /* HistoryCell.xib */; };
		023832081A47B01D001D6FDA /* Main.storyboard in Resources */ = {isa = PBXBuildFile; fileRef = 023832051A47B01D001D6FDA /* Main.storyboard */; };
		023832091A47B01D001D6FDA /* MainViewController.m in Sources */ = {isa = PBXBuildFile; fileRef = 023832071A47B01D001D6FDA /* MainViewController.m */; };
		02423F8D1A2FE81D0048BB17 /* WatchKit.framework in Frameworks */ = {isa = PBXBuildFile; fileRef = 02423F8C1A2FE81D0048BB17 /* WatchKit.framework */; };
		02423F941A2FE81D0048BB17 /* InterfaceController.m in Sources */ = {isa = PBXBuildFile; fileRef = 02423F931A2FE81D0048BB17 /* InterfaceController.m */; };
		02423F971A2FE81D0048BB17 /* NotificationController.m in Sources */ = {isa = PBXBuildFile; fileRef = 02423F961A2FE81D0048BB17 /* NotificationController.m */; };
		02423F9A1A2FE81D0048BB17 /* GlanceController.m in Sources */ = {isa = PBXBuildFile; fileRef = 02423F991A2FE81D0048BB17 /* GlanceController.m */; };
		02423F9C1A2FE81D0048BB17 /* Images.xcassets in Resources */ = {isa = PBXBuildFile; fileRef = 02423F9B1A2FE81D0048BB17 /* Images.xcassets */; };
		02423FA01A2FE81D0048BB17 /* SmarterWorkouts Watch App.app in Resources */ = {isa = PBXBuildFile; fileRef = 02423F9F1A2FE81D0048BB17 /* SmarterWorkouts Watch App.app */; };
		02423FA71A2FE81D0048BB17 /* Interface.storyboard in Resources */ = {isa = PBXBuildFile; fileRef = 02423FA61A2FE81D0048BB17 /* Interface.storyboard */; };
		02423FA91A2FE81D0048BB17 /* Images.xcassets in Resources */ = {isa = PBXBuildFile; fileRef = 02423FA81A2FE81D0048BB17 /* Images.xcassets */; };
		02423FAC1A2FE81D0048BB17 /* SmarterWorkouts WatchKit Extension.appex in Embed App Extensions */ = {isa = PBXBuildFile; fileRef = 02423F8B1A2FE81D0048BB17 /* SmarterWorkouts WatchKit Extension.appex */; settings = {ATTRIBUTES = (RemoveHeadersOnCopy, ); }; };
		0267A9AC1A21180D00DE7DBC /* Workout.xcdatamodeld in Sources */ = {isa = PBXBuildFile; fileRef = 0267A9AA1A21180D00DE7DBC /* Workout.xcdatamodeld */; };
		027ABDDB1A195D2000DE3321 /* BarLoadingViewController.xib in Resources */ = {isa = PBXBuildFile; fileRef = 027ABDDA1A195D2000DE3321 /* BarLoadingViewController.xib */; };
		02DDF7061A336DED00359F93 /* SetupTimerCell.xib in Resources */ = {isa = PBXBuildFile; fileRef = 02DDF7051A336DED00359F93 /* SetupTimerCell.xib */; };
		5459002593878AF8B4A8BA94 /* SelectionGroupHeader.m in Sources */ = {isa = PBXBuildFile; fileRef = 5459022EB488280BD9CBEAFF /* SelectionGroupHeader.m */; };
		5459003749AD32360447790F /* 901-repeat@3x.png in Resources */ = {isa = PBXBuildFile; fileRef = 54590EED5F73DE4BB57F40C5 /* 901-repeat@3x.png */; };
		5459004C362F8D82667493BD /* BarCalculatorTests.m in Sources */ = {isa = PBXBuildFile; fileRef = 545902FC40A458CC44ECB9A4 /* BarCalculatorTests.m */; };
		5459014698809F8D820FF883 /* ActivitySelectorViewController.m in Sources */ = {isa = PBXBuildFile; fileRef = 54590C9608EA266833F2A3D3 /* ActivitySelectorViewController.m */; };
		5459019491D5CB54BAD0D851 /* plates.json in Resources */ = {isa = PBXBuildFile; fileRef = 545901DE0307A2E0890A0281 /* plates.json */; };
		54590239EE7C0CFDD2FFD0E0 /* activities.json in Resources */ = {isa = PBXBuildFile; fileRef = 54590FE99DD4EAE18743CF08 /* activities.json */; };
		5459026A326FCE30A182C947 /* 709-plus@2x.png in Resources */ = {isa = PBXBuildFile; fileRef = 545903888625FF04D581594B /* 709-plus@2x.png */; };
		545902DECE48C72B4EA42451 /* LaunchScreen.xib in Resources */ = {isa = PBXBuildFile; fileRef = 545909DEAE65283756E25E7A /* LaunchScreen.xib */; };
		545902FB5831A7DA0C4FE5CD /* SetCell.m in Sources */ = {isa = PBXBuildFile; fileRef = 54590722ED75492DCCF67654 /* SetCell.m */; };
		5459030C7A29CAEC0F6477AD /* NewActivitySelectorInputViewController.m in Sources */ = {isa = PBXBuildFile; fileRef = 54590BFD70E633D4614C618F /* NewActivitySelectorInputViewController.m */; };
		5459033E2868864F19843FC3 /* UIImageViewHelper.m in Sources */ = {isa = PBXBuildFile; fileRef = 54590E583ADE4FD8272B88B9 /* UIImageViewHelper.m */; };
		5459038EF0C90D4D20E0CD13 /* 1091-weights@2x.png in Resources */ = {isa = PBXBuildFile; fileRef = 545904F4A9A261D4FA5EA3D6 /* 1091-weights@2x.png */; };
		545903DDFDE7F7965ADDE139 /* main.m in Sources */ = {isa = PBXBuildFile; fileRef = 545904E1841B2C9A4524B6E1 /* main.m */; };
		545903DF837690ABCFCA4C44 /* FormItemBarButtonItem.m in Sources */ = {isa = PBXBuildFile; fileRef = 5459040050D27D2FEAEF9090 /* FormItemBarButtonItem.m */; };
		545903F7AC9D9FB10A9887C8 /* ActivityWeightFormViewControllerTests.m in Sources */ = {isa = PBXBuildFile; fileRef = 54590ACC1AC6B9D074702B48 /* ActivityWeightFormViewControllerTests.m */; };
		545904028A0FC13BE238293B /* WeightSetCell.m in Sources */ = {isa = PBXBuildFile; fileRef = 545904FB5D170F8D0F3B40D3 /* WeightSetCell.m */; };
		5459043FCE22ED7A812150B4 /* 1097-timer-2@3x.png in Resources */ = {isa = PBXBuildFile; fileRef = 545908707514D9B67C217C4A /* 1097-timer-2@3x.png */; };
		5459046E831C0A8B5C2B3F39 /* ActivityWeightFormCell.xib in Resources */ = {isa = PBXBuildFile; fileRef = 5459010B98D31794F6C7AA70 /* ActivityWeightFormCell.xib */; };
		5459049DF905839DCCD95CE9 /* 901-repeat@2x.png in Resources */ = {isa = PBXBuildFile; fileRef = 54590A0AB9FC341CFD9CEB9F /* 901-repeat@2x.png */; };
		545904A94006B70A52734507 /* HistoryViewController.m in Sources */ = {isa = PBXBuildFile; fileRef = 54590F0008BBC7974A542DBB /* HistoryViewController.m */; };
		545904B48E9BEB1559CD0C25 /* WorkoutControllerTests.m in Sources */ = {isa = PBXBuildFile; fileRef = 54590DF5CCADA728F393AF01 /* WorkoutControllerTests.m */; };
		5459050A104854CE2611F607 /* WeightInputControls.m in Sources */ = {isa = PBXBuildFile; fileRef = 54590E8F5D24A631F5E0049D /* WeightInputControls.m */; };
		5459050E52423716366E7C31 /* 1091-weights.png in Resources */ = {isa = PBXBuildFile; fileRef = 54590B48DB05EBC72108D9F8 /* 1091-weights.png */; };
		5459051FE88E8E7AC5B12DE2 /* ModelTests.m in Sources */ = {isa = PBXBuildFile; fileRef = 54590C1704D57A0CB87CD410 /* ModelTests.m */; };
		5459052304D189F78C0C9CDE /* SetCellFactory.m in Sources */ = {isa = PBXBuildFile; fileRef = 545900F4F126F777ABE82238 /* SetCellFactory.m */; };
		545905272B2BD1E72E5F01BC /* QuoteViewController.m in Sources */ = {isa = PBXBuildFile; fileRef = 5459026160D6CA4853567D93 /* QuoteViewController.m */; };
		5459054020D3D2EB28EE444F /* 709-plus@3x.png in Resources */ = {isa = PBXBuildFile; fileRef = 5459076A50C3F5059B5ABDF7 /* 709-plus@3x.png */; };
		5459054D6E01E0A7A22F7665 /* TimerActiveCell.m in Sources */ = {isa = PBXBuildFile; fileRef = 54590F3FFC4B3A5BBC5F2B8A /* TimerActiveCell.m */; };
		5459059CF1F760883A545BE0 /* ActivitySelectorInputViewController.m in Sources */ = {isa = PBXBuildFile; fileRef = 54590D666EAF59158375E202 /* ActivitySelectorInputViewController.m */; };
		545905A336F2279F9E0685A0 /* BarCalculator.m in Sources */ = {isa = PBXBuildFile; fileRef = 54590709AEBEC0E0AE30F736 /* BarCalculator.m */; };
		545905A5E67B52C206C6B7C7 /* 415-weightlifter.png in Resources */ = {isa = PBXBuildFile; fileRef = 545902E6FECAFBC9D876CAA5 /* 415-weightlifter.png */; };
		545905CA510C602B12251A49 /* PrimaryActivityFinderTests.m in Sources */ = {isa = PBXBuildFile; fileRef = 54590A8918D8253B759296F4 /* PrimaryActivityFinderTests.m */; };
		545905DB034A77D24890E6CD /* SWTestCase.m in Sources */ = {isa = PBXBuildFile; fileRef = 545902FDED688FE872C92CF1 /* SWTestCase.m */; };
		545905E450208D41383B1F64 /* DurationSetCell.m in Sources */ = {isa = PBXBuildFile; fileRef = 5459010D561B0BAFE7C99B7E /* DurationSetCell.m */; };
		545905E56CE3F26AADB60219 /* Images.xcassets in Resources */ = {isa = PBXBuildFile; fileRef = 545902E72D54617EBBB68CC0 /* Images.xcassets */; };
		54590600C2136F850AFCC748 /* 1097-timer-2@2x.png in Resources */ = {isa = PBXBuildFile; fileRef = 54590106A79353B3DF4D3B9C /* 1097-timer-2@2x.png */; };
		54590615727BF6F6713941C4 /* WorkoutController.m in Sources */ = {isa = PBXBuildFile; fileRef = 5459023FB1ACF26ED54A2EEE /* WorkoutController.m */; };
		5459063EFF09D19F320CF6F9 /* WorkoutCopier.m in Sources */ = {isa = PBXBuildFile; fileRef = 54590A5EE6F4DA37356E698F /* WorkoutCopier.m */; };
		54590660DEAF4D9CFD4F6A81 /* Set.m in Sources */ = {isa = PBXBuildFile; fileRef = 54590AAE4C1642A3A0A9BD45 /* Set.m */; };
		54590694B74FD144286F36CB /* 721-bookmarks@2x.png in Resources */ = {isa = PBXBuildFile; fileRef = 5459075A2F1ADAB16C894A61 /* 721-bookmarks@2x.png */; };
		5459069A2F63D2C53C8478D1 /* TimerActiveCell.xib in Resources */ = {isa = PBXBuildFile; fileRef = 545909D6873990B9CE232AD1 /* TimerActiveCell.xib */; };
		545906E1AF7D6D5BDFE7E58F /* ActivityCellFactory.m in Sources */ = {isa = PBXBuildFile; fileRef = 54590CBDA13FF3EC3F932B52 /* ActivityCellFactory.m */; };
		54590713A522D05CE5E35B97 /* FixtureLoader.m in Sources */ = {isa = PBXBuildFile; fileRef = 54590C38B44998CB847FF30C /* FixtureLoader.m */; };
		5459072545855DDFE7DCEB3A /* DecimalNumbers.m in Sources */ = {isa = PBXBuildFile; fileRef = 54590B971EFBE43DBA52F764 /* DecimalNumbers.m */; };
		5459072AA62AACF824479581 /* PlateTests.m in Sources */ = {isa = PBXBuildFile; fileRef = 5459057E9A8FEBF598DFA13B /* PlateTests.m */; };
		54590734A86AD0DF370B279A /* FlavorTextUITextField.m in Sources */ = {isa = PBXBuildFile; fileRef = 54590B7D358083C53A75BA3E /* FlavorTextUITextField.m */; };
		545907C3DBD21895DE413D74 /* SetGroup.m in Sources */ = {isa = PBXBuildFile; fileRef = 54590D88EEE880F3472985DB /* SetGroup.m */; };
		545907CCA7D50AB8EFAC07AB /* Activity.m in Sources */ = {isa = PBXBuildFile; fileRef = 54590ED3193BE2D1D5DBEDE1 /* Activity.m */; };
		545907E6880B196D473BB864 /* Workout.storyboard in Resources */ = {isa = PBXBuildFile; fileRef = 545906E82697330EFD85E5DF /* Workout.storyboard */; };
		545907EBCA6CB1F8EA6D5EA0 /* 1091-weights@3x.png in Resources */ = {isa = PBXBuildFile; fileRef = 5459028A285EBBD9BEA85B42 /* 1091-weights@3x.png */; };
		545907F94CB867B1C27CB465 /* 901-repeat.png in Resources */ = {isa = PBXBuildFile; fileRef = 545909BCED15F549B2D6A9B5 /* 901-repeat.png */; };
		54590813BA5B7CD984F40F82 /* SetupTimerCell.m in Sources */ = {isa = PBXBuildFile; fileRef = 5459090219AF2435A810360C /* SetupTimerCell.m */; };
		5459088D582EFF54312D9232 /* Colors.m in Sources */ = {isa = PBXBuildFile; fileRef = 54590C685E059C6D70516D6D /* Colors.m */; };
		545908E4AE08AE9309C97858 /* CellRegister.m in Sources */ = {isa = PBXBuildFile; fileRef = 54590E06AB55B27E9575B177 /* CellRegister.m */; };
		545908EA948161743CA45E19 /* PlateRemaining.m in Sources */ = {isa = PBXBuildFile; fileRef = 5459013B85548A27B8B1B805 /* PlateRemaining.m */; };
		5459090C89F657907DFB3A7C /* 415-weightlifter@3x.png in Resources */ = {isa = PBXBuildFile; fileRef = 5459081C8E408A1A14807DB9 /* 415-weightlifter@3x.png */; };
		54590911F8B740D151B3D410 /* 1097-timer-2.png in Resources */ = {isa = PBXBuildFile; fileRef = 5459026C617E75E81E2D9D0D /* 1097-timer-2.png */; };
		545909286BF2789FEC5F277D /* DecimalNumbersTests.m in Sources */ = {isa = PBXBuildFile; fileRef = 54590ECB811EC9CD1B1F0127 /* DecimalNumbersTests.m */; };
		54590932EB0474ECEFD2461B /* HistoryCell.m in Sources */ = {isa = PBXBuildFile; fileRef = 545902ECBF0EC52B9AD3131F /* HistoryCell.m */; };
		54590947D4AE48B5A14E96C1 /* 974-users.png in Resources */ = {isa = PBXBuildFile; fileRef = 54590A956DCD8C1CF6738B52 /* 974-users.png */; };
		54590948B017444BD9DF749B /* DurationSetCell.xib in Resources */ = {isa = PBXBuildFile; fileRef = 545905ABBA5E7B5529B9F446 /* DurationSetCell.xib */; };
		5459099A09CF8618E5B6BB25 /* DurationDisplay.m in Sources */ = {isa = PBXBuildFile; fileRef = 54590FE09C7C8766D9F8E7B9 /* DurationDisplay.m */; };
		545909B97C0D7547A221B9F2 /* WeightSetCell.xib in Resources */ = {isa = PBXBuildFile; fileRef = 54590C0D4B5814B6A76D333C /* WeightSetCell.xib */; };
		54590A1E5DB5BBC42710FE1B /* 415-weightlifter@2x.png in Resources */ = {isa = PBXBuildFile; fileRef = 545904CAA5CED6CA3A33D217 /* 415-weightlifter@2x.png */; };
		54590A255A325F01D6D60EBC /* 721-bookmarks.png in Resources */ = {isa = PBXBuildFile; fileRef = 54590E07FF92A54D023DD877 /* 721-bookmarks.png */; };
		54590A33A2E31F01CCF2CFC2 /* SelectionGroupHeader.xib in Resources */ = {isa = PBXBuildFile; fileRef = 54590919E0BD56CE8C4431A0 /* SelectionGroupHeader.xib */; };
		54590A521B88AA25554E54F9 /* PrimaryActivityFinder.m in Sources */ = {isa = PBXBuildFile; fileRef = 545909E992DE8D502FDC3322 /* PrimaryActivityFinder.m */; };
		54590AF6E68001E2BCB8ABCA /* 974-users@3x.png in Resources */ = {isa = PBXBuildFile; fileRef = 545908E1A969ECC5D31D89B4 /* 974-users@3x.png */; };
		54590B184F8BBFBD7F5B8CD3 /* ActivitySearchCell.m in Sources */ = {isa = PBXBuildFile; fileRef = 545901CFDE3C13EF2DCFC3CB /* ActivitySearchCell.m */; };
		54590BAD0BDD079C13B5806A /* ActivitySearchCell.xib in Resources */ = {isa = PBXBuildFile; fileRef = 54590B470770405B75EE9A62 /* ActivitySearchCell.xib */; };
		54590BBF38CCD39F0B4229FE /* CoreData.framework in Frameworks */ = {isa = PBXBuildFile; fileRef = 5459093FA06E60D65D8B9C63 /* CoreData.framework */; };
		54590BD80E9121ED0C39CAB5 /* ActivityCell.m in Sources */ = {isa = PBXBuildFile; fileRef = 545907E5064B74F235D594CD /* ActivityCell.m */; };
		54590C02E95961E98D6283A7 /* 721-bookmarks@3x.png in Resources */ = {isa = PBXBuildFile; fileRef = 54590F097E9B63849FEF2808 /* 721-bookmarks@3x.png */; };
		54590C28D65997BF8A46AEA8 /* WorkoutCopierTests.m in Sources */ = {isa = PBXBuildFile; fileRef = 545903D445CCE5EB68AB601D /* WorkoutCopierTests.m */; };
		54590C4BCE4509BFBE648974 /* NotNil.m in Sources */ = {isa = PBXBuildFile; fileRef = 54590A03841C8680E28F7B70 /* NotNil.m */; };
		54590C6379DC254E8B6BE8EC /* Workout.m in Sources */ = {isa = PBXBuildFile; fileRef = 545900B085897FD8B72023A8 /* Workout.m */; };
		54590CCD4CA56AB75C86FFC6 /* 974-users@2x.png in Resources */ = {isa = PBXBuildFile; fileRef = 54590BE00588E22981740B8F /* 974-users@2x.png */; };
		54590DB99EE9D336E2A016FA /* 709-plus.png in Resources */ = {isa = PBXBuildFile; fileRef = 54590553C780EDD38BD34CA6 /* 709-plus.png */; };
		54590DDE043FDC900BB95DFF /* UIImage+ColorFromImage.m in Sources */ = {isa = PBXBuildFile; fileRef = 5459022C1F4BBBE900679F3F /* UIImage+ColorFromImage.m */; };
		54590E13FCBBA27BB0D90764 /* BarLoadingSetupViewController.m in Sources */ = {isa = PBXBuildFile; fileRef = 54590BCD6074B6467C4D1111 /* BarLoadingSetupViewController.m */; };
		54590E16F642336636D23885 /* AppDelegate.m in Sources */ = {isa = PBXBuildFile; fileRef = 545905ED0E0E46EE8AA17304 /* AppDelegate.m */; };
		54590E57AC06674BBE929D2B /* ActivityCellFactoryTests.m in Sources */ = {isa = PBXBuildFile; fileRef = 5459082A26AD4BB9670D2BDC /* ActivityCellFactoryTests.m */; };
		54590EA2C3FB9CCC2411C9CA /* quotes.json in Resources */ = {isa = PBXBuildFile; fileRef = 545903AC024EC344BA992AB7 /* quotes.json */; };
		54590EA8F7F6F5729B808BDD /* Plate.m in Sources */ = {isa = PBXBuildFile; fileRef = 545909370C64722C73459C11 /* Plate.m */; };
		54590F2DE0A40BC4E74C42A0 /* SWTimer.m in Sources */ = {isa = PBXBuildFile; fileRef = 54590EEDEDFB55C9CD0B52CD /* SWTimer.m */; };
		54590F71343D7A09435938C2 /* Form.m in Sources */ = {isa = PBXBuildFile; fileRef = 5459094388A431B3BB423E90 /* Form.m */; };
		54590FA6C97345D57ECC5425 /* DurationDisplayTests.m in Sources */ = {isa = PBXBuildFile; fileRef = 54590272E50B204941754D35 /* DurationDisplayTests.m */; };
		54590FB9490FAEFD72CB3D61 /* ActivityWeightFormCell.m in Sources */ = {isa = PBXBuildFile; fileRef = 54590DCC45595B04895F779F /* ActivityWeightFormCell.m */; };
		85DF1FB35B784B81ACF3A198 /* libPods.a in Frameworks */ = {isa = PBXBuildFile; fileRef = BD4D313009C4493EB660B607 /* libPods.a */; };
		FF4001A8394D49AEB26DF52E /* libPods.a in Frameworks */ = {isa = PBXBuildFile; fileRef = BD4D313009C4493EB660B607 /* libPods.a */; };
/* End PBXBuildFile section */

/* Begin PBXContainerItemProxy section */
		02423FA11A2FE81D0048BB17 /* PBXContainerItemProxy */ = {
			isa = PBXContainerItemProxy;
			containerPortal = 54590B7E717641F0455C5327 /* Project object */;
			proxyType = 1;
			remoteGlobalIDString = 02423F9E1A2FE81D0048BB17;
			remoteInfo = "SmarterWorkouts Watch App";
		};
		02423FAA1A2FE81D0048BB17 /* PBXContainerItemProxy */ = {
			isa = PBXContainerItemProxy;
			containerPortal = 54590B7E717641F0455C5327 /* Project object */;
			proxyType = 1;
			remoteGlobalIDString = 02423F8A1A2FE81D0048BB17;
			remoteInfo = "SmarterWorkouts WatchKit Extension";
		};
		54590815875FF5E3BAEC3A19 /* PBXContainerItemProxy */ = {
			isa = PBXContainerItemProxy;
			containerPortal = 54590B7E717641F0455C5327 /* Project object */;
			proxyType = 1;
			remoteGlobalIDString = 545902536CDF9710E59E4BB2;
			remoteInfo = SmarterWorkouts;
		};
/* End PBXContainerItemProxy section */

/* Begin PBXCopyFilesBuildPhase section */
		02423FB31A2FE81D0048BB17 /* Embed App Extensions */ = {
			isa = PBXCopyFilesBuildPhase;
			buildActionMask = 2147483647;
			dstPath = "";
			dstSubfolderSpec = 13;
			files = (
				02423FAC1A2FE81D0048BB17 /* SmarterWorkouts WatchKit Extension.appex in Embed App Extensions */,
			);
			name = "Embed App Extensions";
			runOnlyForDeploymentPostprocessing = 0;
		};
/* End PBXCopyFilesBuildPhase section */

/* Begin PBXFileReference section */
		0209F6651A3E45A40098AB63 /* HistoryViewController.storyboard */ = {isa = PBXFileReference; fileEncoding = 4; lastKnownFileType = file.storyboard; path = HistoryViewController.storyboard; sourceTree = "<group>"; };
		0209F6671A3E4DB70098AB63 /* HistoryCell.xib */ = {isa = PBXFileReference; fileEncoding = 4; lastKnownFileType = file.xib; path = HistoryCell.xib; sourceTree = "<group>"; };
		023832051A47B01D001D6FDA /* Main.storyboard */ = {isa = PBXFileReference; fileEncoding = 4; lastKnownFileType = file.storyboard; path = Main.storyboard; sourceTree = "<group>"; };
		023832061A47B01D001D6FDA /* MainViewController.h */ = {isa = PBXFileReference; fileEncoding = 4; lastKnownFileType = sourcecode.c.h; path = MainViewController.h; sourceTree = "<group>"; };
		023832071A47B01D001D6FDA /* MainViewController.m */ = {isa = PBXFileReference; fileEncoding = 4; lastKnownFileType = sourcecode.c.objc; path = MainViewController.m; sourceTree = "<group>"; };
		02423F8B1A2FE81D0048BB17 /* SmarterWorkouts WatchKit Extension.appex */ = {isa = PBXFileReference; explicitFileType = "wrapper.app-extension"; includeInIndex = 0; path = "SmarterWorkouts WatchKit Extension.appex"; sourceTree = BUILT_PRODUCTS_DIR; };
		02423F8C1A2FE81D0048BB17 /* WatchKit.framework */ = {isa = PBXFileReference; lastKnownFileType = wrapper.framework; name = WatchKit.framework; path = System/Library/Frameworks/WatchKit.framework; sourceTree = SDKROOT; };
		02423F901A2FE81D0048BB17 /* Info.plist */ = {isa = PBXFileReference; lastKnownFileType = text.plist.xml; path = Info.plist; sourceTree = "<group>"; };
		02423F911A2FE81D0048BB17 /* PushNotificationPayload.json */ = {isa = PBXFileReference; lastKnownFileType = text.json; path = PushNotificationPayload.json; sourceTree = "<group>"; };
		02423F921A2FE81D0048BB17 /* InterfaceController.h */ = {isa = PBXFileReference; lastKnownFileType = sourcecode.c.h; path = InterfaceController.h; sourceTree = "<group>"; };
		02423F931A2FE81D0048BB17 /* InterfaceController.m */ = {isa = PBXFileReference; lastKnownFileType = sourcecode.c.objc; path = InterfaceController.m; sourceTree = "<group>"; };
		02423F951A2FE81D0048BB17 /* NotificationController.h */ = {isa = PBXFileReference; lastKnownFileType = sourcecode.c.h; path = NotificationController.h; sourceTree = "<group>"; };
		02423F961A2FE81D0048BB17 /* NotificationController.m */ = {isa = PBXFileReference; lastKnownFileType = sourcecode.c.objc; path = NotificationController.m; sourceTree = "<group>"; };
		02423F981A2FE81D0048BB17 /* GlanceController.h */ = {isa = PBXFileReference; lastKnownFileType = sourcecode.c.h; path = GlanceController.h; sourceTree = "<group>"; };
		02423F991A2FE81D0048BB17 /* GlanceController.m */ = {isa = PBXFileReference; lastKnownFileType = sourcecode.c.objc; path = GlanceController.m; sourceTree = "<group>"; };
		02423F9B1A2FE81D0048BB17 /* Images.xcassets */ = {isa = PBXFileReference; lastKnownFileType = folder.assetcatalog; path = Images.xcassets; sourceTree = "<group>"; };
		02423F9F1A2FE81D0048BB17 /* SmarterWorkouts Watch App.app */ = {isa = PBXFileReference; explicitFileType = wrapper.application; includeInIndex = 0; path = "SmarterWorkouts Watch App.app"; sourceTree = BUILT_PRODUCTS_DIR; };
		02423FA51A2FE81D0048BB17 /* Info.plist */ = {isa = PBXFileReference; lastKnownFileType = text.plist.xml; path = Info.plist; sourceTree = "<group>"; };
		02423FA61A2FE81D0048BB17 /* Interface.storyboard */ = {isa = PBXFileReference; lastKnownFileType = file.storyboard; path = Interface.storyboard; sourceTree = "<group>"; };
		02423FA81A2FE81D0048BB17 /* Images.xcassets */ = {isa = PBXFileReference; lastKnownFileType = folder.assetcatalog; path = Images.xcassets; sourceTree = "<group>"; };
		0267A9AB1A21180D00DE7DBC /* Workout.xcdatamodel */ = {isa = PBXFileReference; lastKnownFileType = wrapper.xcdatamodel; path = Workout.xcdatamodel; sourceTree = "<group>"; };
		027ABDDA1A195D2000DE3321 /* BarLoadingViewController.xib */ = {isa = PBXFileReference; fileEncoding = 4; lastKnownFileType = file.xib; path = BarLoadingViewController.xib; sourceTree = "<group>"; };
		02DDF7051A336DED00359F93 /* SetupTimerCell.xib */ = {isa = PBXFileReference; fileEncoding = 4; lastKnownFileType = file.xib; path = SetupTimerCell.xib; sourceTree = "<group>"; };
		5459008E74B4D7736182DDDB /* DurationDisplay.h */ = {isa = PBXFileReference; fileEncoding = 4; lastKnownFileType = sourcecode.c.h; path = DurationDisplay.h; sourceTree = "<group>"; };
		54590099F7C030E1042A60BE /* BarLoadingSetupViewController.h */ = {isa = PBXFileReference; fileEncoding = 4; lastKnownFileType = sourcecode.c.h; path = BarLoadingSetupViewController.h; sourceTree = "<group>"; };
		545900B085897FD8B72023A8 /* Workout.m */ = {isa = PBXFileReference; fileEncoding = 4; lastKnownFileType = sourcecode.c.objc; name = Workout.m; path = Models/Workout.m; sourceTree = "<group>"; };
		545900DE6BC3C8B8CD9B979C /* PlateRemaining.h */ = {isa = PBXFileReference; fileEncoding = 4; lastKnownFileType = sourcecode.c.h; path = PlateRemaining.h; sourceTree = "<group>"; };
		545900F4F126F777ABE82238 /* SetCellFactory.m */ = {isa = PBXFileReference; fileEncoding = 4; lastKnownFileType = sourcecode.c.objc; path = SetCellFactory.m; sourceTree = "<group>"; };
		54590106A79353B3DF4D3B9C /* 1097-timer-2@2x.png */ = {isa = PBXFileReference; lastKnownFileType = image.png; path = "1097-timer-2@2x.png"; sourceTree = "<group>"; };
		5459010B98D31794F6C7AA70 /* ActivityWeightFormCell.xib */ = {isa = PBXFileReference; lastKnownFileType = file.xib; path = ActivityWeightFormCell.xib; sourceTree = "<group>"; };
		5459010D561B0BAFE7C99B7E /* DurationSetCell.m */ = {isa = PBXFileReference; fileEncoding = 4; lastKnownFileType = sourcecode.c.objc; path = DurationSetCell.m; sourceTree = "<group>"; };
		5459013B85548A27B8B1B805 /* PlateRemaining.m */ = {isa = PBXFileReference; fileEncoding = 4; lastKnownFileType = sourcecode.c.objc; path = PlateRemaining.m; sourceTree = "<group>"; };
		54590198A3FDA57942B27728 /* WorkoutCopier.h */ = {isa = PBXFileReference; fileEncoding = 4; lastKnownFileType = sourcecode.c.h; path = WorkoutCopier.h; sourceTree = "<group>"; };
		545901CFDE3C13EF2DCFC3CB /* ActivitySearchCell.m */ = {isa = PBXFileReference; fileEncoding = 4; lastKnownFileType = sourcecode.c.objc; path = ActivitySearchCell.m; sourceTree = "<group>"; };
		545901DE0307A2E0890A0281 /* plates.json */ = {isa = PBXFileReference; lastKnownFileType = file.json; name = plates.json; path = Models/Fixtures/plates.json; sourceTree = "<group>"; };
		54590201C4190E548A25C192 /* WorkoutSelectionDelegate.h */ = {isa = PBXFileReference; fileEncoding = 4; lastKnownFileType = sourcecode.c.h; path = WorkoutSelectionDelegate.h; sourceTree = "<group>"; };
		5459022C1F4BBBE900679F3F /* UIImage+ColorFromImage.m */ = {isa = PBXFileReference; fileEncoding = 4; lastKnownFileType = sourcecode.c.objc; path = "UIImage+ColorFromImage.m"; sourceTree = "<group>"; };
		5459022EB488280BD9CBEAFF /* SelectionGroupHeader.m */ = {isa = PBXFileReference; fileEncoding = 4; lastKnownFileType = sourcecode.c.objc; path = SelectionGroupHeader.m; sourceTree = "<group>"; };
		5459023FB1ACF26ED54A2EEE /* WorkoutController.m */ = {isa = PBXFileReference; fileEncoding = 4; lastKnownFileType = sourcecode.c.objc; path = WorkoutController.m; sourceTree = "<group>"; };
		5459026160D6CA4853567D93 /* QuoteViewController.m */ = {isa = PBXFileReference; fileEncoding = 4; lastKnownFileType = sourcecode.c.objc; path = QuoteViewController.m; sourceTree = "<group>"; };
		5459026C617E75E81E2D9D0D /* 1097-timer-2.png */ = {isa = PBXFileReference; lastKnownFileType = image.png; path = "1097-timer-2.png"; sourceTree = "<group>"; };
		5459026EC551FA5E344D9121 /* Info.plist */ = {isa = PBXFileReference; lastKnownFileType = text.plist.info; path = Info.plist; sourceTree = "<group>"; };
		54590272E50B204941754D35 /* DurationDisplayTests.m */ = {isa = PBXFileReference; fileEncoding = 4; lastKnownFileType = sourcecode.c.objc; path = DurationDisplayTests.m; sourceTree = "<group>"; };
		545902792F0900BE86135C4D /* SmarterWorkouts.app */ = {isa = PBXFileReference; explicitFileType = wrapper.application; includeInIndex = 0; path = SmarterWorkouts.app; sourceTree = BUILT_PRODUCTS_DIR; };
		5459028A285EBBD9BEA85B42 /* 1091-weights@3x.png */ = {isa = PBXFileReference; lastKnownFileType = image.png; path = "1091-weights@3x.png"; sourceTree = "<group>"; };
		545902B496A137869A803348 /* FormItemBarButtonItem.h */ = {isa = PBXFileReference; fileEncoding = 4; lastKnownFileType = sourcecode.c.h; path = FormItemBarButtonItem.h; sourceTree = "<group>"; };
		545902E6FECAFBC9D876CAA5 /* 415-weightlifter.png */ = {isa = PBXFileReference; lastKnownFileType = image.png; path = "415-weightlifter.png"; sourceTree = "<group>"; };
		545902E72D54617EBBB68CC0 /* Images.xcassets */ = {isa = PBXFileReference; lastKnownFileType = folder.assetcatalog; path = Images.xcassets; sourceTree = "<group>"; };
		545902ECBF0EC52B9AD3131F /* HistoryCell.m */ = {isa = PBXFileReference; fileEncoding = 4; lastKnownFileType = sourcecode.c.objc; path = HistoryCell.m; sourceTree = "<group>"; };
		545902EF18EEC12333570E82 /* CellRegister.h */ = {isa = PBXFileReference; fileEncoding = 4; lastKnownFileType = sourcecode.c.h; path = CellRegister.h; sourceTree = "<group>"; };
		545902FC40A458CC44ECB9A4 /* BarCalculatorTests.m */ = {isa = PBXFileReference; fileEncoding = 4; lastKnownFileType = sourcecode.c.objc; path = BarCalculatorTests.m; sourceTree = "<group>"; };
		545902FDED688FE872C92CF1 /* SWTestCase.m */ = {isa = PBXFileReference; fileEncoding = 4; lastKnownFileType = sourcecode.c.objc; path = SWTestCase.m; sourceTree = "<group>"; };
		545903888625FF04D581594B /* 709-plus@2x.png */ = {isa = PBXFileReference; lastKnownFileType = image.png; path = "709-plus@2x.png"; sourceTree = "<group>"; };
		545903A3249D172566898D0E /* HistoryCell.h */ = {isa = PBXFileReference; fileEncoding = 4; lastKnownFileType = sourcecode.c.h; path = HistoryCell.h; sourceTree = "<group>"; };
		545903AC024EC344BA992AB7 /* quotes.json */ = {isa = PBXFileReference; lastKnownFileType = file.json; path = quotes.json; sourceTree = "<group>"; };
		545903D445CCE5EB68AB601D /* WorkoutCopierTests.m */ = {isa = PBXFileReference; fileEncoding = 4; lastKnownFileType = sourcecode.c.objc; path = WorkoutCopierTests.m; sourceTree = "<group>"; };
		545903F57D7C270830C13B3B /* FixtureLoader.h */ = {isa = PBXFileReference; fileEncoding = 4; lastKnownFileType = sourcecode.c.h; name = FixtureLoader.h; path = Models/Fixtures/FixtureLoader.h; sourceTree = "<group>"; };
		545903FBE12939C3C1F5D39D /* Activity.h */ = {isa = PBXFileReference; fileEncoding = 4; lastKnownFileType = sourcecode.c.h; name = Activity.h; path = Models/Activity.h; sourceTree = "<group>"; };
		5459040050D27D2FEAEF9090 /* FormItemBarButtonItem.m */ = {isa = PBXFileReference; fileEncoding = 4; lastKnownFileType = sourcecode.c.objc; path = FormItemBarButtonItem.m; sourceTree = "<group>"; };
		5459041C8F7457EE25991D77 /* DecimalNumbers.h */ = {isa = PBXFileReference; fileEncoding = 4; lastKnownFileType = sourcecode.c.h; path = DecimalNumbers.h; sourceTree = "<group>"; };
		5459047548B43CB2B2ABA86D /* Base */ = {isa = PBXFileReference; lastKnownFileType = file.storyboard; name = Base; path = Base.lproj/Workout.storyboard; sourceTree = "<group>"; };
		545904CAA5CED6CA3A33D217 /* 415-weightlifter@2x.png */ = {isa = PBXFileReference; lastKnownFileType = image.png; path = "415-weightlifter@2x.png"; sourceTree = "<group>"; };
		545904E1841B2C9A4524B6E1 /* main.m */ = {isa = PBXFileReference; lastKnownFileType = sourcecode.c.objc; path = main.m; sourceTree = "<group>"; };
		545904F4A9A261D4FA5EA3D6 /* 1091-weights@2x.png */ = {isa = PBXFileReference; lastKnownFileType = image.png; path = "1091-weights@2x.png"; sourceTree = "<group>"; };
		545904FB5D170F8D0F3B40D3 /* WeightSetCell.m */ = {isa = PBXFileReference; fileEncoding = 4; lastKnownFileType = sourcecode.c.objc; path = WeightSetCell.m; sourceTree = "<group>"; };
		545905044CA3AB8FAD537913 /* QuoteViewController.h */ = {isa = PBXFileReference; fileEncoding = 4; lastKnownFileType = sourcecode.c.h; path = QuoteViewController.h; sourceTree = "<group>"; };
		54590553C780EDD38BD34CA6 /* 709-plus.png */ = {isa = PBXFileReference; lastKnownFileType = image.png; path = "709-plus.png"; sourceTree = "<group>"; };
		5459057E9A8FEBF598DFA13B /* PlateTests.m */ = {isa = PBXFileReference; fileEncoding = 4; lastKnownFileType = sourcecode.c.objc; path = PlateTests.m; sourceTree = "<group>"; };
		545905ABBA5E7B5529B9F446 /* DurationSetCell.xib */ = {isa = PBXFileReference; lastKnownFileType = file.xib; path = DurationSetCell.xib; sourceTree = "<group>"; };
		545905DDCDDBF05FFED34534 /* ActivitySelectorInputViewController.h */ = {isa = PBXFileReference; fileEncoding = 4; lastKnownFileType = sourcecode.c.h; path = ActivitySelectorInputViewController.h; sourceTree = "<group>"; };
		545905E061C18E2B4E7B5637 /* SWTimer.h */ = {isa = PBXFileReference; fileEncoding = 4; lastKnownFileType = sourcecode.c.h; path = SWTimer.h; sourceTree = "<group>"; };
		545905ED0E0E46EE8AA17304 /* AppDelegate.m */ = {isa = PBXFileReference; lastKnownFileType = sourcecode.c.objc; path = AppDelegate.m; sourceTree = "<group>"; };
		545905F2270D5965183E8A15 /* SetCell.h */ = {isa = PBXFileReference; fileEncoding = 4; lastKnownFileType = sourcecode.c.h; path = SetCell.h; sourceTree = "<group>"; };
		5459061FF264AFC33EDE1495 /* Base */ = {isa = PBXFileReference; lastKnownFileType = file.xib; name = Base; path = Base.lproj/LaunchScreen.xib; sourceTree = "<group>"; };
		54590645E3F315FB504F4374 /* ActivitySelectorViewController.h */ = {isa = PBXFileReference; fileEncoding = 4; lastKnownFileType = sourcecode.c.h; path = ActivitySelectorViewController.h; sourceTree = "<group>"; };
		545906B93DC6D229534AC85D /* UIImage+ColorFromImage.h */ = {isa = PBXFileReference; fileEncoding = 4; lastKnownFileType = sourcecode.c.h; path = "UIImage+ColorFromImage.h"; sourceTree = "<group>"; };
		54590709AEBEC0E0AE30F736 /* BarCalculator.m */ = {isa = PBXFileReference; fileEncoding = 4; lastKnownFileType = sourcecode.c.objc; path = BarCalculator.m; sourceTree = "<group>"; };
		5459070CBC39B0E47814377C /* WorkoutController.h */ = {isa = PBXFileReference; fileEncoding = 4; lastKnownFileType = sourcecode.c.h; path = WorkoutController.h; sourceTree = "<group>"; };
		54590722ED75492DCCF67654 /* SetCell.m */ = {isa = PBXFileReference; fileEncoding = 4; lastKnownFileType = sourcecode.c.objc; path = SetCell.m; sourceTree = "<group>"; };
		5459075A2F1ADAB16C894A61 /* 721-bookmarks@2x.png */ = {isa = PBXFileReference; lastKnownFileType = image.png; path = "721-bookmarks@2x.png"; sourceTree = "<group>"; };
		5459076A50C3F5059B5ABDF7 /* 709-plus@3x.png */ = {isa = PBXFileReference; lastKnownFileType = image.png; path = "709-plus@3x.png"; sourceTree = "<group>"; };
		5459078B35AD577F2A45D1D8 /* DurationSetCell.h */ = {isa = PBXFileReference; fileEncoding = 4; lastKnownFileType = sourcecode.c.h; path = DurationSetCell.h; sourceTree = "<group>"; };
		545907D0EC153A54AC0C5A5D /* NewActivitySelectorInputViewController.h */ = {isa = PBXFileReference; fileEncoding = 4; lastKnownFileType = sourcecode.c.h; path = NewActivitySelectorInputViewController.h; sourceTree = "<group>"; };
		545907E5064B74F235D594CD /* ActivityCell.m */ = {isa = PBXFileReference; fileEncoding = 4; lastKnownFileType = sourcecode.c.objc; path = ActivityCell.m; sourceTree = "<group>"; };
		5459081C8E408A1A14807DB9 /* 415-weightlifter@3x.png */ = {isa = PBXFileReference; lastKnownFileType = image.png; path = "415-weightlifter@3x.png"; sourceTree = "<group>"; };
		5459082A26AD4BB9670D2BDC /* ActivityCellFactoryTests.m */ = {isa = PBXFileReference; fileEncoding = 4; lastKnownFileType = sourcecode.c.objc; path = ActivityCellFactoryTests.m; sourceTree = "<group>"; };
		54590842C22DF6768733ED66 /* TimerActiveCell.h */ = {isa = PBXFileReference; fileEncoding = 4; lastKnownFileType = sourcecode.c.h; path = TimerActiveCell.h; sourceTree = "<group>"; };
		545908707514D9B67C217C4A /* 1097-timer-2@3x.png */ = {isa = PBXFileReference; lastKnownFileType = image.png; path = "1097-timer-2@3x.png"; sourceTree = "<group>"; };
		5459088CB14CF69909F833F6 /* Form.h */ = {isa = PBXFileReference; fileEncoding = 4; lastKnownFileType = sourcecode.c.h; path = Form.h; sourceTree = "<group>"; };
		545908D6450F503B81944539 /* Colors.h */ = {isa = PBXFileReference; fileEncoding = 4; lastKnownFileType = sourcecode.c.h; path = Colors.h; sourceTree = "<group>"; };
		545908E1A969ECC5D31D89B4 /* 974-users@3x.png */ = {isa = PBXFileReference; lastKnownFileType = image.png; path = "974-users@3x.png"; sourceTree = "<group>"; };
		5459090219AF2435A810360C /* SetupTimerCell.m */ = {isa = PBXFileReference; fileEncoding = 4; lastKnownFileType = sourcecode.c.objc; path = SetupTimerCell.m; sourceTree = "<group>"; };
		54590919E0BD56CE8C4431A0 /* SelectionGroupHeader.xib */ = {isa = PBXFileReference; lastKnownFileType = file.xib; path = SelectionGroupHeader.xib; sourceTree = "<group>"; };
		5459091EB57A54F3276C883F /* TimerObserver.h */ = {isa = PBXFileReference; fileEncoding = 4; lastKnownFileType = sourcecode.c.h; path = TimerObserver.h; sourceTree = "<group>"; };
		545909370C64722C73459C11 /* Plate.m */ = {isa = PBXFileReference; fileEncoding = 4; lastKnownFileType = sourcecode.c.objc; name = Plate.m; path = Models/Plate.m; sourceTree = "<group>"; };
		5459093FA06E60D65D8B9C63 /* CoreData.framework */ = {isa = PBXFileReference; lastKnownFileType = wrapper.framework; name = CoreData.framework; path = System/Library/Frameworks/CoreData.framework; sourceTree = SDKROOT; };
		5459094388A431B3BB423E90 /* Form.m */ = {isa = PBXFileReference; fileEncoding = 4; lastKnownFileType = sourcecode.c.objc; path = Form.m; sourceTree = "<group>"; };
		5459095D3D1623B3210D4AAD /* ActivityFormDelegate.h */ = {isa = PBXFileReference; fileEncoding = 4; lastKnownFileType = sourcecode.c.h; path = ActivityFormDelegate.h; sourceTree = "<group>"; };
		5459096A0052ABCAEAA63C96 /* PrimaryActivityFinder.h */ = {isa = PBXFileReference; fileEncoding = 4; lastKnownFileType = sourcecode.c.h; path = PrimaryActivityFinder.h; sourceTree = "<group>"; };
		545909BCED15F549B2D6A9B5 /* 901-repeat.png */ = {isa = PBXFileReference; lastKnownFileType = image.png; path = "901-repeat.png"; sourceTree = "<group>"; };
		545909CA1997BE71C52F50ED /* ActivitySelectorDelegate.h */ = {isa = PBXFileReference; fileEncoding = 4; lastKnownFileType = sourcecode.c.h; path = ActivitySelectorDelegate.h; sourceTree = "<group>"; };
		545909D6873990B9CE232AD1 /* TimerActiveCell.xib */ = {isa = PBXFileReference; lastKnownFileType = file.xib; path = TimerActiveCell.xib; sourceTree = "<group>"; };
		545909E188A0F9DE5E727714 /* HistoryViewController.h */ = {isa = PBXFileReference; fileEncoding = 4; lastKnownFileType = sourcecode.c.h; path = HistoryViewController.h; sourceTree = "<group>"; };
		545909E992DE8D502FDC3322 /* PrimaryActivityFinder.m */ = {isa = PBXFileReference; fileEncoding = 4; lastKnownFileType = sourcecode.c.objc; path = PrimaryActivityFinder.m; sourceTree = "<group>"; };
		54590A03841C8680E28F7B70 /* NotNil.m */ = {isa = PBXFileReference; fileEncoding = 4; lastKnownFileType = sourcecode.c.objc; path = NotNil.m; sourceTree = "<group>"; };
		54590A0834F9DED4435C7A4C /* FormDelegate.h */ = {isa = PBXFileReference; fileEncoding = 4; lastKnownFileType = sourcecode.c.h; path = FormDelegate.h; sourceTree = "<group>"; };
		54590A0AB9FC341CFD9CEB9F /* 901-repeat@2x.png */ = {isa = PBXFileReference; lastKnownFileType = image.png; path = "901-repeat@2x.png"; sourceTree = "<group>"; };
		54590A2E38F8204300D80EF7 /* SetCellFactory.h */ = {isa = PBXFileReference; fileEncoding = 4; lastKnownFileType = sourcecode.c.h; path = SetCellFactory.h; sourceTree = "<group>"; };
		54590A3C397CD5F84B4E6B36 /* WeightInputControls.h */ = {isa = PBXFileReference; fileEncoding = 4; lastKnownFileType = sourcecode.c.h; path = WeightInputControls.h; sourceTree = "<group>"; };
		54590A5EE6F4DA37356E698F /* WorkoutCopier.m */ = {isa = PBXFileReference; fileEncoding = 4; lastKnownFileType = sourcecode.c.objc; path = WorkoutCopier.m; sourceTree = "<group>"; };
		54590A8918D8253B759296F4 /* PrimaryActivityFinderTests.m */ = {isa = PBXFileReference; fileEncoding = 4; lastKnownFileType = sourcecode.c.objc; path = PrimaryActivityFinderTests.m; sourceTree = "<group>"; };
		54590A956DCD8C1CF6738B52 /* 974-users.png */ = {isa = PBXFileReference; lastKnownFileType = image.png; path = "974-users.png"; sourceTree = "<group>"; };
		54590AAE4C1642A3A0A9BD45 /* Set.m */ = {isa = PBXFileReference; fileEncoding = 4; lastKnownFileType = sourcecode.c.objc; name = Set.m; path = Models/Set.m; sourceTree = "<group>"; };
		54590ACC1AC6B9D074702B48 /* ActivityWeightFormViewControllerTests.m */ = {isa = PBXFileReference; fileEncoding = 4; lastKnownFileType = sourcecode.c.objc; path = ActivityWeightFormViewControllerTests.m; sourceTree = "<group>"; };
		54590B172184011883D18ACF /* SetupTimerCell.h */ = {isa = PBXFileReference; fileEncoding = 4; lastKnownFileType = sourcecode.c.h; path = SetupTimerCell.h; sourceTree = "<group>"; };
		54590B470770405B75EE9A62 /* ActivitySearchCell.xib */ = {isa = PBXFileReference; lastKnownFileType = file.xib; path = ActivitySearchCell.xib; sourceTree = "<group>"; };
		54590B48DB05EBC72108D9F8 /* 1091-weights.png */ = {isa = PBXFileReference; lastKnownFileType = image.png; path = "1091-weights.png"; sourceTree = "<group>"; };
		54590B4F6AA10C1CF0540B16 /* ActivityWeightFormCell.h */ = {isa = PBXFileReference; fileEncoding = 4; lastKnownFileType = sourcecode.c.h; path = ActivityWeightFormCell.h; sourceTree = "<group>"; };
		54590B7D358083C53A75BA3E /* FlavorTextUITextField.m */ = {isa = PBXFileReference; fileEncoding = 4; lastKnownFileType = sourcecode.c.objc; path = FlavorTextUITextField.m; sourceTree = "<group>"; };
		54590B971EFBE43DBA52F764 /* DecimalNumbers.m */ = {isa = PBXFileReference; fileEncoding = 4; lastKnownFileType = sourcecode.c.objc; path = DecimalNumbers.m; sourceTree = "<group>"; };
		54590B9F520D28E4D4E2AEAA /* NotNil.h */ = {isa = PBXFileReference; fileEncoding = 4; lastKnownFileType = sourcecode.c.h; path = NotNil.h; sourceTree = "<group>"; };
		54590BCD6074B6467C4D1111 /* BarLoadingSetupViewController.m */ = {isa = PBXFileReference; fileEncoding = 4; lastKnownFileType = sourcecode.c.objc; path = BarLoadingSetupViewController.m; sourceTree = "<group>"; };
		54590BE00588E22981740B8F /* 974-users@2x.png */ = {isa = PBXFileReference; lastKnownFileType = image.png; path = "974-users@2x.png"; sourceTree = "<group>"; };
		54590BFD70E633D4614C618F /* NewActivitySelectorInputViewController.m */ = {isa = PBXFileReference; fileEncoding = 4; lastKnownFileType = sourcecode.c.objc; path = NewActivitySelectorInputViewController.m; sourceTree = "<group>"; };
		54590C0D26A5837C428167A9 /* Workout.h */ = {isa = PBXFileReference; fileEncoding = 4; lastKnownFileType = sourcecode.c.h; name = Workout.h; path = Models/Workout.h; sourceTree = "<group>"; };
		54590C0D4B5814B6A76D333C /* WeightSetCell.xib */ = {isa = PBXFileReference; lastKnownFileType = file.xib; path = WeightSetCell.xib; sourceTree = "<group>"; };
		54590C1704D57A0CB87CD410 /* ModelTests.m */ = {isa = PBXFileReference; fileEncoding = 4; lastKnownFileType = sourcecode.c.objc; path = ModelTests.m; sourceTree = "<group>"; };
		54590C296C1E9F278FA1D7C4 /* ActivityCell.h */ = {isa = PBXFileReference; fileEncoding = 4; lastKnownFileType = sourcecode.c.h; path = ActivityCell.h; sourceTree = "<group>"; };
		54590C38B44998CB847FF30C /* FixtureLoader.m */ = {isa = PBXFileReference; fileEncoding = 4; lastKnownFileType = sourcecode.c.objc; name = FixtureLoader.m; path = Models/Fixtures/FixtureLoader.m; sourceTree = "<group>"; };
		54590C685E059C6D70516D6D /* Colors.m */ = {isa = PBXFileReference; fileEncoding = 4; lastKnownFileType = sourcecode.c.objc; path = Colors.m; sourceTree = "<group>"; };
		54590C6E54128A0CE53B06EF /* SelectionGroupHeader.h */ = {isa = PBXFileReference; fileEncoding = 4; lastKnownFileType = sourcecode.c.h; path = SelectionGroupHeader.h; sourceTree = "<group>"; };
		54590C9608EA266833F2A3D3 /* ActivitySelectorViewController.m */ = {isa = PBXFileReference; fileEncoding = 4; lastKnownFileType = sourcecode.c.objc; path = ActivitySelectorViewController.m; sourceTree = "<group>"; };
		54590CA37F0A1D91DD9AD39B /* FlavorTextUITextField.h */ = {isa = PBXFileReference; fileEncoding = 4; lastKnownFileType = sourcecode.c.h; path = FlavorTextUITextField.h; sourceTree = "<group>"; };
		54590CBDA13FF3EC3F932B52 /* ActivityCellFactory.m */ = {isa = PBXFileReference; fileEncoding = 4; lastKnownFileType = sourcecode.c.objc; path = ActivityCellFactory.m; sourceTree = "<group>"; };
		54590CFA15918636F9EA4B15 /* AppDelegate.h */ = {isa = PBXFileReference; lastKnownFileType = sourcecode.c.h; path = AppDelegate.h; sourceTree = "<group>"; };
		54590D666EAF59158375E202 /* ActivitySelectorInputViewController.m */ = {isa = PBXFileReference; fileEncoding = 4; lastKnownFileType = sourcecode.c.objc; path = ActivitySelectorInputViewController.m; sourceTree = "<group>"; };
		54590D78FE5F96E85ACD09C8 /* UIImageViewHelper.h */ = {isa = PBXFileReference; fileEncoding = 4; lastKnownFileType = sourcecode.c.h; path = UIImageViewHelper.h; sourceTree = "<group>"; };
		54590D88EEE880F3472985DB /* SetGroup.m */ = {isa = PBXFileReference; fileEncoding = 4; lastKnownFileType = sourcecode.c.objc; name = SetGroup.m; path = Models/SetGroup.m; sourceTree = "<group>"; };
		54590D8D064A5780839A3443 /* WeightSetCell.h */ = {isa = PBXFileReference; fileEncoding = 4; lastKnownFileType = sourcecode.c.h; path = WeightSetCell.h; sourceTree = "<group>"; };
		54590D9ABFE1DCA1F76A27E3 /* ActivityCellFactory.h */ = {isa = PBXFileReference; fileEncoding = 4; lastKnownFileType = sourcecode.c.h; path = ActivityCellFactory.h; sourceTree = "<group>"; };
		54590DAC65201375C0BF3F57 /* Plate.h */ = {isa = PBXFileReference; fileEncoding = 4; lastKnownFileType = sourcecode.c.h; name = Plate.h; path = Models/Plate.h; sourceTree = "<group>"; };
		54590DCC45595B04895F779F /* ActivityWeightFormCell.m */ = {isa = PBXFileReference; fileEncoding = 4; lastKnownFileType = sourcecode.c.objc; path = ActivityWeightFormCell.m; sourceTree = "<group>"; };
		54590DE94E1B20B22425DADE /* SetGroup.h */ = {isa = PBXFileReference; fileEncoding = 4; lastKnownFileType = sourcecode.c.h; name = SetGroup.h; path = Models/SetGroup.h; sourceTree = "<group>"; };
		54590DF5CCADA728F393AF01 /* WorkoutControllerTests.m */ = {isa = PBXFileReference; fileEncoding = 4; lastKnownFileType = sourcecode.c.objc; path = WorkoutControllerTests.m; sourceTree = "<group>"; };
		54590DFEC887B12C9D546107 /* SmarterWorkoutsTests.xctest */ = {isa = PBXFileReference; explicitFileType = wrapper.cfbundle; includeInIndex = 0; path = SmarterWorkoutsTests.xctest; sourceTree = BUILT_PRODUCTS_DIR; };
		54590E06AB55B27E9575B177 /* CellRegister.m */ = {isa = PBXFileReference; fileEncoding = 4; lastKnownFileType = sourcecode.c.objc; path = CellRegister.m; sourceTree = "<group>"; };
		54590E07FF92A54D023DD877 /* 721-bookmarks.png */ = {isa = PBXFileReference; lastKnownFileType = image.png; path = "721-bookmarks.png"; sourceTree = "<group>"; };
		54590E583ADE4FD8272B88B9 /* UIImageViewHelper.m */ = {isa = PBXFileReference; fileEncoding = 4; lastKnownFileType = sourcecode.c.objc; path = UIImageViewHelper.m; sourceTree = "<group>"; };
		54590E627A49A487C2872338 /* SWTestCase.h */ = {isa = PBXFileReference; fileEncoding = 4; lastKnownFileType = sourcecode.c.h; path = SWTestCase.h; sourceTree = "<group>"; };
		54590E8F5D24A631F5E0049D /* WeightInputControls.m */ = {isa = PBXFileReference; fileEncoding = 4; lastKnownFileType = sourcecode.c.objc; path = WeightInputControls.m; sourceTree = "<group>"; };
		54590EBCDAD295792A89F284 /* ActivitySearchCell.h */ = {isa = PBXFileReference; fileEncoding = 4; lastKnownFileType = sourcecode.c.h; path = ActivitySearchCell.h; sourceTree = "<group>"; };
		54590ECB811EC9CD1B1F0127 /* DecimalNumbersTests.m */ = {isa = PBXFileReference; fileEncoding = 4; lastKnownFileType = sourcecode.c.objc; path = DecimalNumbersTests.m; sourceTree = "<group>"; };
		54590ED3193BE2D1D5DBEDE1 /* Activity.m */ = {isa = PBXFileReference; fileEncoding = 4; lastKnownFileType = sourcecode.c.objc; name = Activity.m; path = Models/Activity.m; sourceTree = "<group>"; };
		54590EED5F73DE4BB57F40C5 /* 901-repeat@3x.png */ = {isa = PBXFileReference; lastKnownFileType = image.png; path = "901-repeat@3x.png"; sourceTree = "<group>"; };
		54590EEDEDFB55C9CD0B52CD /* SWTimer.m */ = {isa = PBXFileReference; fileEncoding = 4; lastKnownFileType = sourcecode.c.objc; path = SWTimer.m; sourceTree = "<group>"; };
		54590F0008BBC7974A542DBB /* HistoryViewController.m */ = {isa = PBXFileReference; fileEncoding = 4; lastKnownFileType = sourcecode.c.objc; path = HistoryViewController.m; sourceTree = "<group>"; };
		54590F097E9B63849FEF2808 /* 721-bookmarks@3x.png */ = {isa = PBXFileReference; lastKnownFileType = image.png; path = "721-bookmarks@3x.png"; sourceTree = "<group>"; };
		54590F3FFC4B3A5BBC5F2B8A /* TimerActiveCell.m */ = {isa = PBXFileReference; fileEncoding = 4; lastKnownFileType = sourcecode.c.objc; path = TimerActiveCell.m; sourceTree = "<group>"; };
		54590F54C0452DE8C7971409 /* BarCalculator.h */ = {isa = PBXFileReference; fileEncoding = 4; lastKnownFileType = sourcecode.c.h; path = BarCalculator.h; sourceTree = "<group>"; };
		54590F67011D15477EEAEDF0 /* Set.h */ = {isa = PBXFileReference; fileEncoding = 4; lastKnownFileType = sourcecode.c.h; name = Set.h; path = Models/Set.h; sourceTree = "<group>"; };
		54590F6B39C5170F22DD30BD /* Info.plist */ = {isa = PBXFileReference; lastKnownFileType = text.plist.info; path = Info.plist; sourceTree = "<group>"; };
		54590FE09C7C8766D9F8E7B9 /* DurationDisplay.m */ = {isa = PBXFileReference; fileEncoding = 4; lastKnownFileType = sourcecode.c.objc; path = DurationDisplay.m; sourceTree = "<group>"; };
		54590FE99DD4EAE18743CF08 /* activities.json */ = {isa = PBXFileReference; lastKnownFileType = file.json; name = activities.json; path = Models/Fixtures/activities.json; sourceTree = "<group>"; };
		951EA323B2EBA6F3B93DC5EE /* Pods.release.xcconfig */ = {isa = PBXFileReference; includeInIndex = 1; lastKnownFileType = text.xcconfig; name = Pods.release.xcconfig; path = "Pods/Target Support Files/Pods/Pods.release.xcconfig"; sourceTree = "<group>"; };
		BD4D313009C4493EB660B607 /* libPods.a */ = {isa = PBXFileReference; explicitFileType = archive.ar; includeInIndex = 0; path = libPods.a; sourceTree = BUILT_PRODUCTS_DIR; };
		D2ABD30978FA77B752E19FB5 /* Pods.debug.xcconfig */ = {isa = PBXFileReference; includeInIndex = 1; lastKnownFileType = text.xcconfig; name = Pods.debug.xcconfig; path = "Pods/Target Support Files/Pods/Pods.debug.xcconfig"; sourceTree = "<group>"; };
/* End PBXFileReference section */

/* Begin PBXFrameworksBuildPhase section */
		02423F881A2FE81D0048BB17 /* Frameworks */ = {
			isa = PBXFrameworksBuildPhase;
			buildActionMask = 2147483647;
			files = (
				02423F8D1A2FE81D0048BB17 /* WatchKit.framework in Frameworks */,
			);
			runOnlyForDeploymentPostprocessing = 0;
		};
		545901121645FF57FE293DFC /* Frameworks */ = {
			isa = PBXFrameworksBuildPhase;
			buildActionMask = 2147483647;
			files = (
				85DF1FB35B784B81ACF3A198 /* libPods.a in Frameworks */,
			);
			runOnlyForDeploymentPostprocessing = 0;
		};
		545906F2583B4650AD5C5850 /* Frameworks */ = {
			isa = PBXFrameworksBuildPhase;
			buildActionMask = 2147483647;
			files = (
				54590BBF38CCD39F0B4229FE /* CoreData.framework in Frameworks */,
				FF4001A8394D49AEB26DF52E /* libPods.a in Frameworks */,
			);
			runOnlyForDeploymentPostprocessing = 0;
		};
/* End PBXFrameworksBuildPhase section */

/* Begin PBXGroup section */
		02423F8E1A2FE81D0048BB17 /* SmarterWorkouts WatchKit Extension */ = {
			isa = PBXGroup;
			children = (
				02423F921A2FE81D0048BB17 /* InterfaceController.h */,
				02423F931A2FE81D0048BB17 /* InterfaceController.m */,
				02423F951A2FE81D0048BB17 /* NotificationController.h */,
				02423F961A2FE81D0048BB17 /* NotificationController.m */,
				02423F981A2FE81D0048BB17 /* GlanceController.h */,
				02423F991A2FE81D0048BB17 /* GlanceController.m */,
				02423F9B1A2FE81D0048BB17 /* Images.xcassets */,
				02423F8F1A2FE81D0048BB17 /* Supporting Files */,
			);
			path = "SmarterWorkouts WatchKit Extension";
			sourceTree = "<group>";
		};
		02423F8F1A2FE81D0048BB17 /* Supporting Files */ = {
			isa = PBXGroup;
			children = (
				02423F901A2FE81D0048BB17 /* Info.plist */,
				02423F911A2FE81D0048BB17 /* PushNotificationPayload.json */,
			);
			name = "Supporting Files";
			sourceTree = "<group>";
		};
		02423FA31A2FE81D0048BB17 /* SmarterWorkouts Watch App */ = {
			isa = PBXGroup;
			children = (
				02423FA61A2FE81D0048BB17 /* Interface.storyboard */,
				02423FA81A2FE81D0048BB17 /* Images.xcassets */,
				02423FA41A2FE81D0048BB17 /* Supporting Files */,
			);
			path = "SmarterWorkouts Watch App";
			sourceTree = "<group>";
		};
		02423FA41A2FE81D0048BB17 /* Supporting Files */ = {
			isa = PBXGroup;
			children = (
				02423FA51A2FE81D0048BB17 /* Info.plist */,
			);
			name = "Supporting Files";
			sourceTree = "<group>";
		};
		0267A9A81A2117D200DE7DBC /* Models */ = {
			isa = PBXGroup;
			children = (
				0267A9AA1A21180D00DE7DBC /* Workout.xcdatamodeld */,
				54590E4A6AF5956EC65E5BDC /* Fixtures */,
				54590DAC65201375C0BF3F57 /* Plate.h */,
				54590ED3193BE2D1D5DBEDE1 /* Activity.m */,
				54590AAE4C1642A3A0A9BD45 /* Set.m */,
				54590F67011D15477EEAEDF0 /* Set.h */,
				54590C0D26A5837C428167A9 /* Workout.h */,
				54590D88EEE880F3472985DB /* SetGroup.m */,
				54590DE94E1B20B22425DADE /* SetGroup.h */,
				545903FBE12939C3C1F5D39D /* Activity.h */,
				545900B085897FD8B72023A8 /* Workout.m */,
				545909370C64722C73459C11 /* Plate.m */,
				545909151764F27C5FD262DA /* copy */,
				54590D01ACDE280C35A2DC4D /* helper */,
			);
			name = Models;
			sourceTree = "<group>";
		};
		0288D9891A180BF50092C2D3 /* Views */ = {
			isa = PBXGroup;
			children = (
				023832051A47B01D001D6FDA /* Main.storyboard */,
				023832061A47B01D001D6FDA /* MainViewController.h */,
				023832071A47B01D001D6FDA /* MainViewController.m */,
				5459001BFB717303CC6CE2F5 /* Setup */,
				545902E9077C57BF70A67E6E /* Workout */,
				54590D1F490E7B967C0D0F37 /* Categories */,
				54590004C23627957CF23588 /* Quotes */,
				54590503FAB1C2573B77EDF1 /* History */,
				54590E06AB55B27E9575B177 /* CellRegister.m */,
				545902EF18EEC12333570E82 /* CellRegister.h */,
				54590C685E059C6D70516D6D /* Colors.m */,
				545908D6450F503B81944539 /* Colors.h */,
				54590E583ADE4FD8272B88B9 /* UIImageViewHelper.m */,
				54590D78FE5F96E85ACD09C8 /* UIImageViewHelper.h */,
				54590E060577AE26EF41AB85 /* Form */,
			);
			name = Views;
			sourceTree = "<group>";
		};
		05940C1A0872FC8C43524F11 /* Pods */ = {
			isa = PBXGroup;
			children = (
				D2ABD30978FA77B752E19FB5 /* Pods.debug.xcconfig */,
				951EA323B2EBA6F3B93DC5EE /* Pods.release.xcconfig */,
			);
			name = Pods;
			sourceTree = "<group>";
		};
		54590004C23627957CF23588 /* Quotes */ = {
			isa = PBXGroup;
			children = (
				5459026160D6CA4853567D93 /* QuoteViewController.m */,
				545905044CA3AB8FAD537913 /* QuoteViewController.h */,
				545903AC024EC344BA992AB7 /* quotes.json */,
			);
			name = Quotes;
			sourceTree = "<group>";
		};
		5459001BFB717303CC6CE2F5 /* Setup */ = {
			isa = PBXGroup;
			children = (
				54590BCD6074B6467C4D1111 /* BarLoadingSetupViewController.m */,
				54590099F7C030E1042A60BE /* BarLoadingSetupViewController.h */,
				027ABDDA1A195D2000DE3321 /* BarLoadingViewController.xib */,
			);
			name = Setup;
			sourceTree = "<group>";
		};
		5459015270B1DC4F65DF6E6E /* Timer */ = {
			isa = PBXGroup;
			children = (
				54590F3FFC4B3A5BBC5F2B8A /* TimerActiveCell.m */,
				54590842C22DF6768733ED66 /* TimerActiveCell.h */,
				545909D6873990B9CE232AD1 /* TimerActiveCell.xib */,
			);
			name = Timer;
			sourceTree = "<group>";
		};
		545902443723D2F9011A3074 /* Formulas */ = {
			isa = PBXGroup;
			children = (
				545902B2A6CA42C7EA39C205 /* BarCalculator */,
			);
			path = Formulas;
			sourceTree = "<group>";
		};
		5459028458247F86AFC666EA /* Supporting Files */ = {
			isa = PBXGroup;
			children = (
				54590F6B39C5170F22DD30BD /* Info.plist */,
				545904E1841B2C9A4524B6E1 /* main.m */,
			);
			name = "Supporting Files";
			sourceTree = "<group>";
		};
		545902B2A6CA42C7EA39C205 /* BarCalculator */ = {
			isa = PBXGroup;
			children = (
				5459013B85548A27B8B1B805 /* PlateRemaining.m */,
				545900DE6BC3C8B8CD9B979C /* PlateRemaining.h */,
				54590709AEBEC0E0AE30F736 /* BarCalculator.m */,
				54590F54C0452DE8C7971409 /* BarCalculator.h */,
			);
			path = BarCalculator;
			sourceTree = "<group>";
		};
		545902D56BB61349A45A6675 /* Numbers */ = {
			isa = PBXGroup;
			children = (
				54590B971EFBE43DBA52F764 /* DecimalNumbers.m */,
				5459041C8F7457EE25991D77 /* DecimalNumbers.h */,
			);
			path = Numbers;
			sourceTree = "<group>";
		};
		545902E9077C57BF70A67E6E /* Workout */ = {
			isa = PBXGroup;
			children = (
				5459095D3D1623B3210D4AAD /* ActivityFormDelegate.h */,
				54590E3CC51DA5A843C84E47 /* Selection */,
				54590BFD70E633D4614C618F /* NewActivitySelectorInputViewController.m */,
				545907D0EC153A54AC0C5A5D /* NewActivitySelectorInputViewController.h */,
				54590A67D109398083FEEEA2 /* Activities */,
				5459073B62C78795A09F7450 /* Sets */,
				54590D666EAF59158375E202 /* ActivitySelectorInputViewController.m */,
				545905DDCDDBF05FFED34534 /* ActivitySelectorInputViewController.h */,
				5459070CBC39B0E47814377C /* WorkoutController.h */,
				5459023FB1ACF26ED54A2EEE /* WorkoutController.m */,
			);
			name = Workout;
			sourceTree = "<group>";
		};
		545904972D5B59C73C7E185D /* Products */ = {
			isa = PBXGroup;
			children = (
				545902792F0900BE86135C4D /* SmarterWorkouts.app */,
				54590DFEC887B12C9D546107 /* SmarterWorkoutsTests.xctest */,
				02423F8B1A2FE81D0048BB17 /* SmarterWorkouts WatchKit Extension.appex */,
				02423F9F1A2FE81D0048BB17 /* SmarterWorkouts Watch App.app */,
			);
			name = Products;
			sourceTree = "<group>";
		};
		54590503FAB1C2573B77EDF1 /* History */ = {
			isa = PBXGroup;
			children = (
				54590F0008BBC7974A542DBB /* HistoryViewController.m */,
				545909E188A0F9DE5E727714 /* HistoryViewController.h */,
				0209F6651A3E45A40098AB63 /* HistoryViewController.storyboard */,
				0209F6671A3E4DB70098AB63 /* HistoryCell.xib */,
				545902ECBF0EC52B9AD3131F /* HistoryCell.m */,
				545903A3249D172566898D0E /* HistoryCell.h */,
				545909E992DE8D502FDC3322 /* PrimaryActivityFinder.m */,
				5459096A0052ABCAEAA63C96 /* PrimaryActivityFinder.h */,
				54590201C4190E548A25C192 /* WorkoutSelectionDelegate.h */,
			);
			name = History;
			sourceTree = "<group>";
		};
		545906C0F1AE80F757530F01 /* SmarterWorkoutsTests */ = {
			isa = PBXGroup;
			children = (
				54590E60F1278BCB13340384 /* Supporting Files */,
				545909C2A1710D57B6CF7566 /* Numbers */,
				5459073F098B3542298F3745 /* Models */,
				545902FDED688FE872C92CF1 /* SWTestCase.m */,
				54590E627A49A487C2872338 /* SWTestCase.h */,
				54590CB1A08FF5874966B887 /* Views */,
				54590D5888F4BA5FCA5BB38F /* Formulas */,
				54590DF5CCADA728F393AF01 /* WorkoutControllerTests.m */,
			);
			path = SmarterWorkoutsTests;
			sourceTree = "<group>";
		};
		5459073B62C78795A09F7450 /* Sets */ = {
			isa = PBXGroup;
			children = (
				54590D8D064A5780839A3443 /* WeightSetCell.h */,
				54590C0D4B5814B6A76D333C /* WeightSetCell.xib */,
				545904FB5D170F8D0F3B40D3 /* WeightSetCell.m */,
				545900F4F126F777ABE82238 /* SetCellFactory.m */,
				54590A2E38F8204300D80EF7 /* SetCellFactory.h */,
				5459010D561B0BAFE7C99B7E /* DurationSetCell.m */,
				5459078B35AD577F2A45D1D8 /* DurationSetCell.h */,
				54590722ED75492DCCF67654 /* SetCell.m */,
				545905F2270D5965183E8A15 /* SetCell.h */,
				545905ABBA5E7B5529B9F446 /* DurationSetCell.xib */,
				54590FE09C7C8766D9F8E7B9 /* DurationDisplay.m */,
				5459008E74B4D7736182DDDB /* DurationDisplay.h */,
			);
			name = Sets;
			sourceTree = "<group>";
		};
		5459073F098B3542298F3745 /* Models */ = {
			isa = PBXGroup;
			children = (
				54590C1704D57A0CB87CD410 /* ModelTests.m */,
				5459057E9A8FEBF598DFA13B /* PlateTests.m */,
				54590E7DCB70E3C787745F41 /* copy */,
			);
			path = Models;
			sourceTree = "<group>";
		};
		5459077F0EB4AF2C7DC590F5 /* Timer */ = {
			isa = PBXGroup;
			children = (
				545905E061C18E2B4E7B5637 /* SWTimer.h */,
				54590EEDEDFB55C9CD0B52CD /* SWTimer.m */,
				5459091EB57A54F3276C883F /* TimerObserver.h */,
			);
			path = Timer;
			sourceTree = "<group>";
		};
		545908B13ADD15B1FC5D0CC9 /* BarCalculator */ = {
			isa = PBXGroup;
			children = (
				545902FC40A458CC44ECB9A4 /* BarCalculatorTests.m */,
			);
			path = BarCalculator;
			sourceTree = "<group>";
		};
		545908F56CCD1B7EB6DF275C /* Workout */ = {
			isa = PBXGroup;
			children = (
				54590ACC1AC6B9D074702B48 /* ActivityWeightFormViewControllerTests.m */,
				54590F00281EF17AE53D0E65 /* Activities */,
				54590DB2285C77DADB9D1E65 /* Sets */,
			);
			path = Workout;
			sourceTree = "<group>";
		};
		545909151764F27C5FD262DA /* copy */ = {
			isa = PBXGroup;
			children = (
				54590A5EE6F4DA37356E698F /* WorkoutCopier.m */,
				54590198A3FDA57942B27728 /* WorkoutCopier.h */,
			);
			name = copy;
			sourceTree = "<group>";
		};
		54590986B357EA60358384A3 = {
			isa = PBXGroup;
			children = (
				02423F8E1A2FE81D0048BB17 /* SmarterWorkouts WatchKit Extension */,
				02423FA31A2FE81D0048BB17 /* SmarterWorkouts Watch App */,
				545904972D5B59C73C7E185D /* Products */,
				54590E7C84FB812C1C10E222 /* SmarterWorkouts */,
				545906C0F1AE80F757530F01 /* SmarterWorkoutsTests */,
				B9DD51763DC44FC980A2E276 /* Frameworks */,
				05940C1A0872FC8C43524F11 /* Pods */,
			);
			sourceTree = "<group>";
		};
		545909C2A1710D57B6CF7566 /* Numbers */ = {
			isa = PBXGroup;
			children = (
				54590ECB811EC9CD1B1F0127 /* DecimalNumbersTests.m */,
			);
			path = Numbers;
			sourceTree = "<group>";
		};
		54590A67D109398083FEEEA2 /* Activities */ = {
			isa = PBXGroup;
			children = (
				5459010B98D31794F6C7AA70 /* ActivityWeightFormCell.xib */,
				54590DCC45595B04895F779F /* ActivityWeightFormCell.m */,
				54590B4F6AA10C1CF0540B16 /* ActivityWeightFormCell.h */,
				545907E5064B74F235D594CD /* ActivityCell.m */,
				54590C296C1E9F278FA1D7C4 /* ActivityCell.h */,
				5459090219AF2435A810360C /* SetupTimerCell.m */,
				54590B172184011883D18ACF /* SetupTimerCell.h */,
				02DDF7051A336DED00359F93 /* SetupTimerCell.xib */,
				5459015270B1DC4F65DF6E6E /* Timer */,
				54590CBDA13FF3EC3F932B52 /* ActivityCellFactory.m */,
				54590D9ABFE1DCA1F76A27E3 /* ActivityCellFactory.h */,
			);
			name = Activities;
			sourceTree = "<group>";
		};
		54590CB1A08FF5874966B887 /* Views */ = {
			isa = PBXGroup;
			children = (
				545908F56CCD1B7EB6DF275C /* Workout */,
				54590DEFBD0ACD54374E5B00 /* History */,
			);
			path = Views;
			sourceTree = "<group>";
		};
		54590D01ACDE280C35A2DC4D /* helper */ = {
			isa = PBXGroup;
			children = (
				54590A03841C8680E28F7B70 /* NotNil.m */,
				54590B9F520D28E4D4E2AEAA /* NotNil.h */,
			);
			name = helper;
			sourceTree = "<group>";
		};
		54590D1F490E7B967C0D0F37 /* Categories */ = {
			isa = PBXGroup;
			children = (
				5459022C1F4BBBE900679F3F /* UIImage+ColorFromImage.m */,
				545906B93DC6D229534AC85D /* UIImage+ColorFromImage.h */,
			);
			name = Categories;
			sourceTree = "<group>";
		};
		54590D5888F4BA5FCA5BB38F /* Formulas */ = {
			isa = PBXGroup;
			children = (
				545908B13ADD15B1FC5D0CC9 /* BarCalculator */,
			);
			path = Formulas;
			sourceTree = "<group>";
		};
		54590DB2285C77DADB9D1E65 /* Sets */ = {
			isa = PBXGroup;
			children = (
				54590272E50B204941754D35 /* DurationDisplayTests.m */,
			);
			path = Sets;
			sourceTree = "<group>";
		};
		54590DEFBD0ACD54374E5B00 /* History */ = {
			isa = PBXGroup;
			children = (
				54590A8918D8253B759296F4 /* PrimaryActivityFinderTests.m */,
			);
			path = History;
			sourceTree = "<group>";
		};
		54590E060577AE26EF41AB85 /* Form */ = {
			isa = PBXGroup;
			children = (
				5459088CB14CF69909F833F6 /* Form.h */,
				5459094388A431B3BB423E90 /* Form.m */,
				54590A0834F9DED4435C7A4C /* FormDelegate.h */,
				54590A3C397CD5F84B4E6B36 /* WeightInputControls.h */,
				54590E8F5D24A631F5E0049D /* WeightInputControls.m */,
				54590CA37F0A1D91DD9AD39B /* FlavorTextUITextField.h */,
				54590B7D358083C53A75BA3E /* FlavorTextUITextField.m */,
				545902B496A137869A803348 /* FormItemBarButtonItem.h */,
				5459040050D27D2FEAEF9090 /* FormItemBarButtonItem.m */,
			);
			name = Form;
			path = Views/Form;
			sourceTree = "<group>";
		};
		54590E3CC51DA5A843C84E47 /* Selection */ = {
			isa = PBXGroup;
			children = (
				54590C9608EA266833F2A3D3 /* ActivitySelectorViewController.m */,
				54590645E3F315FB504F4374 /* ActivitySelectorViewController.h */,
				545909CA1997BE71C52F50ED /* ActivitySelectorDelegate.h */,
				54590919E0BD56CE8C4431A0 /* SelectionGroupHeader.xib */,
				5459022EB488280BD9CBEAFF /* SelectionGroupHeader.m */,
				54590C6E54128A0CE53B06EF /* SelectionGroupHeader.h */,
				545901CFDE3C13EF2DCFC3CB /* ActivitySearchCell.m */,
				54590EBCDAD295792A89F284 /* ActivitySearchCell.h */,
				54590B470770405B75EE9A62 /* ActivitySearchCell.xib */,
			);
			name = Selection;
			sourceTree = "<group>";
		};
		54590E4A6AF5956EC65E5BDC /* Fixtures */ = {
			isa = PBXGroup;
			children = (
				54590FE99DD4EAE18743CF08 /* activities.json */,
				545901DE0307A2E0890A0281 /* plates.json */,
				54590C38B44998CB847FF30C /* FixtureLoader.m */,
				545903F57D7C270830C13B3B /* FixtureLoader.h */,
			);
			name = Fixtures;
			sourceTree = "<group>";
		};
		54590E60F1278BCB13340384 /* Supporting Files */ = {
			isa = PBXGroup;
			children = (
				5459026EC551FA5E344D9121 /* Info.plist */,
			);
			name = "Supporting Files";
			sourceTree = "<group>";
		};
		54590E7C84FB812C1C10E222 /* SmarterWorkouts */ = {
			isa = PBXGroup;
			children = (
				0267A9A81A2117D200DE7DBC /* Models */,
				0288D9891A180BF50092C2D3 /* Views */,
				5459028458247F86AFC666EA /* Supporting Files */,
				545902E72D54617EBBB68CC0 /* Images.xcassets */,
				545909DEAE65283756E25E7A /* LaunchScreen.xib */,
				54590CFA15918636F9EA4B15 /* AppDelegate.h */,
				545905ED0E0E46EE8AA17304 /* AppDelegate.m */,
				545906E82697330EFD85E5DF /* Workout.storyboard */,
				545902D56BB61349A45A6675 /* Numbers */,
				54590E9F250E1DE20DC966FF /* Images */,
				545902443723D2F9011A3074 /* Formulas */,
				5459077F0EB4AF2C7DC590F5 /* Timer */,
			);
			path = SmarterWorkouts;
			sourceTree = "<group>";
		};
		54590E7DCB70E3C787745F41 /* copy */ = {
			isa = PBXGroup;
			children = (
				545903D445CCE5EB68AB601D /* WorkoutCopierTests.m */,
			);
			path = copy;
			sourceTree = "<group>";
		};
		54590E9F250E1DE20DC966FF /* Images */ = {
			isa = PBXGroup;
			children = (
				5459075A2F1ADAB16C894A61 /* 721-bookmarks@2x.png */,
				54590F097E9B63849FEF2808 /* 721-bookmarks@3x.png */,
				54590E07FF92A54D023DD877 /* 721-bookmarks.png */,
				54590553C780EDD38BD34CA6 /* 709-plus.png */,
				5459076A50C3F5059B5ABDF7 /* 709-plus@3x.png */,
				545903888625FF04D581594B /* 709-plus@2x.png */,
				545909BCED15F549B2D6A9B5 /* 901-repeat.png */,
				54590EED5F73DE4BB57F40C5 /* 901-repeat@3x.png */,
				54590A0AB9FC341CFD9CEB9F /* 901-repeat@2x.png */,
				5459028A285EBBD9BEA85B42 /* 1091-weights@3x.png */,
				545904F4A9A261D4FA5EA3D6 /* 1091-weights@2x.png */,
				54590B48DB05EBC72108D9F8 /* 1091-weights.png */,
				5459026C617E75E81E2D9D0D /* 1097-timer-2.png */,
				545908707514D9B67C217C4A /* 1097-timer-2@3x.png */,
				54590106A79353B3DF4D3B9C /* 1097-timer-2@2x.png */,
				545904CAA5CED6CA3A33D217 /* 415-weightlifter@2x.png */,
				545902E6FECAFBC9D876CAA5 /* 415-weightlifter.png */,
				5459081C8E408A1A14807DB9 /* 415-weightlifter@3x.png */,
				54590A956DCD8C1CF6738B52 /* 974-users.png */,
				54590BE00588E22981740B8F /* 974-users@2x.png */,
				545908E1A969ECC5D31D89B4 /* 974-users@3x.png */,
			);
			path = Images;
			sourceTree = "<group>";
		};
		54590F00281EF17AE53D0E65 /* Activities */ = {
			isa = PBXGroup;
			children = (
				5459082A26AD4BB9670D2BDC /* ActivityCellFactoryTests.m */,
			);
			path = Activities;
			sourceTree = "<group>";
		};
		B9DD51763DC44FC980A2E276 /* Frameworks */ = {
			isa = PBXGroup;
			children = (
				BD4D313009C4493EB660B607 /* libPods.a */,
				5459093FA06E60D65D8B9C63 /* CoreData.framework */,
				02423F8C1A2FE81D0048BB17 /* WatchKit.framework */,
			);
			name = Frameworks;
			sourceTree = "<group>";
		};
/* End PBXGroup section */

/* Begin PBXNativeTarget section */
		02423F8A1A2FE81D0048BB17 /* SmarterWorkouts WatchKit Extension */ = {
			isa = PBXNativeTarget;
			buildConfigurationList = 02423FB21A2FE81D0048BB17 /* Build configuration list for PBXNativeTarget "SmarterWorkouts WatchKit Extension" */;
			buildPhases = (
				02423F871A2FE81D0048BB17 /* Sources */,
				02423F881A2FE81D0048BB17 /* Frameworks */,
				02423F891A2FE81D0048BB17 /* Resources */,
			);
			buildRules = (
			);
			dependencies = (
				02423FA21A2FE81D0048BB17 /* PBXTargetDependency */,
			);
			name = "SmarterWorkouts WatchKit Extension";
			productName = "SmarterWorkouts WatchKit Extension";
			productReference = 02423F8B1A2FE81D0048BB17 /* SmarterWorkouts WatchKit Extension.appex */;
			productType = "com.apple.product-type.watchkit-extension";
		};
		02423F9E1A2FE81D0048BB17 /* SmarterWorkouts Watch App */ = {
			isa = PBXNativeTarget;
			buildConfigurationList = 02423FB11A2FE81D0048BB17 /* Build configuration list for PBXNativeTarget "SmarterWorkouts Watch App" */;
			buildPhases = (
				02423F9D1A2FE81D0048BB17 /* Resources */,
			);
			buildRules = (
			);
			dependencies = (
			);
			name = "SmarterWorkouts Watch App";
			productName = "SmarterWorkouts Watch App";
			productReference = 02423F9F1A2FE81D0048BB17 /* SmarterWorkouts Watch App.app */;
			productType = "com.apple.product-type.application.watchapp";
		};
		545902536CDF9710E59E4BB2 /* SmarterWorkouts */ = {
			isa = PBXNativeTarget;
			buildConfigurationList = 54590F3259FCCC41F9AA418D /* Build configuration list for PBXNativeTarget "SmarterWorkouts" */;
			buildPhases = (
				32332EB530C148ECAE917F68 /* Check Pods Manifest.lock */,
				54590212CC773E5A6481C484 /* Sources */,
				545906F2583B4650AD5C5850 /* Frameworks */,
				5459021BD2AD0F93D69FCD06 /* Resources */,
				68A04FD592234780B940B58B /* Copy Pods Resources */,
				02423FB31A2FE81D0048BB17 /* Embed App Extensions */,
			);
			buildRules = (
			);
			dependencies = (
				02423FAB1A2FE81D0048BB17 /* PBXTargetDependency */,
			);
			name = SmarterWorkouts;
			productName = SmarterWorkouts;
			productReference = 545902792F0900BE86135C4D /* SmarterWorkouts.app */;
			productType = "com.apple.product-type.application";
		};
		54590696CAD506FDD77D6248 /* SmarterWorkoutsTests */ = {
			isa = PBXNativeTarget;
			buildConfigurationList = 54590E14121E96ADDADB146C /* Build configuration list for PBXNativeTarget "SmarterWorkoutsTests" */;
			buildPhases = (
				D11FD39B6F24433D98B00489 /* Check Pods Manifest.lock */,
				54590C6A2EB3C23B5748A690 /* Sources */,
				545901121645FF57FE293DFC /* Frameworks */,
				54590102F41F6604530F1E99 /* Resources */,
				A6CE2677E60649EF8528AF3E /* Copy Pods Resources */,
			);
			buildRules = (
			);
			dependencies = (
				545902BBDF721AC34F6EF908 /* PBXTargetDependency */,
			);
			name = SmarterWorkoutsTests;
			productName = SmarterWorkoutsTests;
			productReference = 54590DFEC887B12C9D546107 /* SmarterWorkoutsTests.xctest */;
			productType = "com.apple.product-type.bundle.unit-test";
		};
/* End PBXNativeTarget section */

/* Begin PBXProject section */
		54590B7E717641F0455C5327 /* Project object */ = {
			isa = PBXProject;
			attributes = {
				ORGANIZATIONNAME = "Stefan Kendall";
				TargetAttributes = {
					02423F8A1A2FE81D0048BB17 = {
						CreatedOnToolsVersion = 6.2;
						DevelopmentTeam = 255V99ZU6N;
					};
					02423F9E1A2FE81D0048BB17 = {
						CreatedOnToolsVersion = 6.2;
					};
					545902536CDF9710E59E4BB2 = {
						DevelopmentTeam = 255V99ZU6N;
					};
				};
			};
			buildConfigurationList = 54590FFBAF335D6C15E7BEA2 /* Build configuration list for PBXProject "SmarterWorkouts" */;
			compatibilityVersion = "Xcode 3.2";
			developmentRegion = English;
			hasScannedForEncodings = 0;
			knownRegions = (
				en,
			);
			mainGroup = 54590986B357EA60358384A3;
			productRefGroup = 545904972D5B59C73C7E185D /* Products */;
			projectDirPath = "";
			projectRoot = "";
			targets = (
				545902536CDF9710E59E4BB2 /* SmarterWorkouts */,
				54590696CAD506FDD77D6248 /* SmarterWorkoutsTests */,
				02423F8A1A2FE81D0048BB17 /* SmarterWorkouts WatchKit Extension */,
				02423F9E1A2FE81D0048BB17 /* SmarterWorkouts Watch App */,
			);
		};
/* End PBXProject section */

/* Begin PBXResourcesBuildPhase section */
		02423F891A2FE81D0048BB17 /* Resources */ = {
			isa = PBXResourcesBuildPhase;
			buildActionMask = 2147483647;
			files = (
				02423FA01A2FE81D0048BB17 /* SmarterWorkouts Watch App.app in Resources */,
				02423F9C1A2FE81D0048BB17 /* Images.xcassets in Resources */,
			);
			runOnlyForDeploymentPostprocessing = 0;
		};
		02423F9D1A2FE81D0048BB17 /* Resources */ = {
			isa = PBXResourcesBuildPhase;
			buildActionMask = 2147483647;
			files = (
				02423FA71A2FE81D0048BB17 /* Interface.storyboard in Resources */,
				02423FA91A2FE81D0048BB17 /* Images.xcassets in Resources */,
			);
			runOnlyForDeploymentPostprocessing = 0;
		};
		54590102F41F6604530F1E99 /* Resources */ = {
			isa = PBXResourcesBuildPhase;
			buildActionMask = 2147483647;
			files = (
			);
			runOnlyForDeploymentPostprocessing = 0;
		};
		5459021BD2AD0F93D69FCD06 /* Resources */ = {
			isa = PBXResourcesBuildPhase;
			buildActionMask = 2147483647;
			files = (
				545905E56CE3F26AADB60219 /* Images.xcassets in Resources */,
				545902DECE48C72B4EA42451 /* LaunchScreen.xib in Resources */,
				545907E6880B196D473BB864 /* Workout.storyboard in Resources */,
				0209F6661A3E45A40098AB63 /* HistoryViewController.storyboard in Resources */,
				027ABDDB1A195D2000DE3321 /* BarLoadingViewController.xib in Resources */,
				02DDF7061A336DED00359F93 /* SetupTimerCell.xib in Resources */,
				54590239EE7C0CFDD2FFD0E0 /* activities.json in Resources */,
				0209F6681A3E4DB70098AB63 /* HistoryCell.xib in Resources */,
				5459019491D5CB54BAD0D851 /* plates.json in Resources */,
				5459046E831C0A8B5C2B3F39 /* ActivityWeightFormCell.xib in Resources */,
				5459069A2F63D2C53C8478D1 /* TimerActiveCell.xib in Resources */,
				023832081A47B01D001D6FDA /* Main.storyboard in Resources */,
				545909B97C0D7547A221B9F2 /* WeightSetCell.xib in Resources */,
				54590948B017444BD9DF749B /* DurationSetCell.xib in Resources */,
				54590694B74FD144286F36CB /* 721-bookmarks@2x.png in Resources */,
				54590C02E95961E98D6283A7 /* 721-bookmarks@3x.png in Resources */,
				54590A255A325F01D6D60EBC /* 721-bookmarks.png in Resources */,
				54590DB99EE9D336E2A016FA /* 709-plus.png in Resources */,
				5459054020D3D2EB28EE444F /* 709-plus@3x.png in Resources */,
				5459026A326FCE30A182C947 /* 709-plus@2x.png in Resources */,
				545907F94CB867B1C27CB465 /* 901-repeat.png in Resources */,
				5459003749AD32360447790F /* 901-repeat@3x.png in Resources */,
				5459049DF905839DCCD95CE9 /* 901-repeat@2x.png in Resources */,
				54590A33A2E31F01CCF2CFC2 /* SelectionGroupHeader.xib in Resources */,
				545907EBCA6CB1F8EA6D5EA0 /* 1091-weights@3x.png in Resources */,
				5459038EF0C90D4D20E0CD13 /* 1091-weights@2x.png in Resources */,
				5459050E52423716366E7C31 /* 1091-weights.png in Resources */,
				54590911F8B740D151B3D410 /* 1097-timer-2.png in Resources */,
				5459043FCE22ED7A812150B4 /* 1097-timer-2@3x.png in Resources */,
				54590600C2136F850AFCC748 /* 1097-timer-2@2x.png in Resources */,
				54590BAD0BDD079C13B5806A /* ActivitySearchCell.xib in Resources */,
				54590EA2C3FB9CCC2411C9CA /* quotes.json in Resources */,
				54590A1E5DB5BBC42710FE1B /* 415-weightlifter@2x.png in Resources */,
				545905A5E67B52C206C6B7C7 /* 415-weightlifter.png in Resources */,
				5459090C89F657907DFB3A7C /* 415-weightlifter@3x.png in Resources */,
				54590947D4AE48B5A14E96C1 /* 974-users.png in Resources */,
				54590CCD4CA56AB75C86FFC6 /* 974-users@2x.png in Resources */,
				54590AF6E68001E2BCB8ABCA /* 974-users@3x.png in Resources */,
			);
			runOnlyForDeploymentPostprocessing = 0;
		};
/* End PBXResourcesBuildPhase section */

/* Begin PBXShellScriptBuildPhase section */
		32332EB530C148ECAE917F68 /* Check Pods Manifest.lock */ = {
			isa = PBXShellScriptBuildPhase;
			buildActionMask = 2147483647;
			files = (
			);
			inputPaths = (
			);
			name = "Check Pods Manifest.lock";
			outputPaths = (
			);
			runOnlyForDeploymentPostprocessing = 0;
			shellPath = /bin/sh;
			shellScript = "diff \"${PODS_ROOT}/../Podfile.lock\" \"${PODS_ROOT}/Manifest.lock\" > /dev/null\nif [[ $? != 0 ]] ; then\n    cat << EOM\nerror: The sandbox is not in sync with the Podfile.lock. Run 'pod install' or update your CocoaPods installation.\nEOM\n    exit 1\nfi\n";
			showEnvVarsInLog = 0;
		};
		68A04FD592234780B940B58B /* Copy Pods Resources */ = {
			isa = PBXShellScriptBuildPhase;
			buildActionMask = 2147483647;
			files = (
			);
			inputPaths = (
			);
			name = "Copy Pods Resources";
			outputPaths = (
			);
			runOnlyForDeploymentPostprocessing = 0;
			shellPath = /bin/sh;
			shellScript = "\"${SRCROOT}/Pods/Target Support Files/Pods/Pods-resources.sh\"\n";
			showEnvVarsInLog = 0;
		};
		A6CE2677E60649EF8528AF3E /* Copy Pods Resources */ = {
			isa = PBXShellScriptBuildPhase;
			buildActionMask = 2147483647;
			files = (
			);
			inputPaths = (
			);
			name = "Copy Pods Resources";
			outputPaths = (
			);
			runOnlyForDeploymentPostprocessing = 0;
			shellPath = /bin/sh;
			shellScript = "\"${SRCROOT}/Pods/Target Support Files/Pods/Pods-resources.sh\"\n";
			showEnvVarsInLog = 0;
		};
		D11FD39B6F24433D98B00489 /* Check Pods Manifest.lock */ = {
			isa = PBXShellScriptBuildPhase;
			buildActionMask = 2147483647;
			files = (
			);
			inputPaths = (
			);
			name = "Check Pods Manifest.lock";
			outputPaths = (
			);
			runOnlyForDeploymentPostprocessing = 0;
			shellPath = /bin/sh;
			shellScript = "diff \"${PODS_ROOT}/../Podfile.lock\" \"${PODS_ROOT}/Manifest.lock\" > /dev/null\nif [[ $? != 0 ]] ; then\n    cat << EOM\nerror: The sandbox is not in sync with the Podfile.lock. Run 'pod install' or update your CocoaPods installation.\nEOM\n    exit 1\nfi\n";
			showEnvVarsInLog = 0;
		};
/* End PBXShellScriptBuildPhase section */

/* Begin PBXSourcesBuildPhase section */
		02423F871A2FE81D0048BB17 /* Sources */ = {
			isa = PBXSourcesBuildPhase;
			buildActionMask = 2147483647;
			files = (
				02423F971A2FE81D0048BB17 /* NotificationController.m in Sources */,
				02423F941A2FE81D0048BB17 /* InterfaceController.m in Sources */,
				02423F9A1A2FE81D0048BB17 /* GlanceController.m in Sources */,
			);
			runOnlyForDeploymentPostprocessing = 0;
		};
		54590212CC773E5A6481C484 /* Sources */ = {
			isa = PBXSourcesBuildPhase;
			buildActionMask = 2147483647;
			files = (
				545903DDFDE7F7965ADDE139 /* main.m in Sources */,
				0267A9AC1A21180D00DE7DBC /* Workout.xcdatamodeld in Sources */,
				54590E16F642336636D23885 /* AppDelegate.m in Sources */,
				54590E13FCBBA27BB0D90764 /* BarLoadingSetupViewController.m in Sources */,
				5459072545855DDFE7DCEB3A /* DecimalNumbers.m in Sources */,
				54590DDE043FDC900BB95DFF /* UIImage+ColorFromImage.m in Sources */,
				5459014698809F8D820FF883 /* ActivitySelectorViewController.m in Sources */,
				545908EA948161743CA45E19 /* PlateRemaining.m in Sources */,
				545905A336F2279F9E0685A0 /* BarCalculator.m in Sources */,
				545907CCA7D50AB8EFAC07AB /* Activity.m in Sources */,
				54590660DEAF4D9CFD4F6A81 /* Set.m in Sources */,
				545907C3DBD21895DE413D74 /* SetGroup.m in Sources */,
				54590C6379DC254E8B6BE8EC /* Workout.m in Sources */,
				023832091A47B01D001D6FDA /* MainViewController.m in Sources */,
				54590EA8F7F6F5729B808BDD /* Plate.m in Sources */,
				5459030C7A29CAEC0F6477AD /* NewActivitySelectorInputViewController.m in Sources */,
				54590713A522D05CE5E35B97 /* FixtureLoader.m in Sources */,
				54590FB9490FAEFD72CB3D61 /* ActivityWeightFormCell.m in Sources */,
				54590BD80E9121ED0C39CAB5 /* ActivityCell.m in Sources */,
				54590813BA5B7CD984F40F82 /* SetupTimerCell.m in Sources */,
				5459054D6E01E0A7A22F7665 /* TimerActiveCell.m in Sources */,
				545906E1AF7D6D5BDFE7E58F /* ActivityCellFactory.m in Sources */,
				545904028A0FC13BE238293B /* WeightSetCell.m in Sources */,
				5459052304D189F78C0C9CDE /* SetCellFactory.m in Sources */,
				545905E450208D41383B1F64 /* DurationSetCell.m in Sources */,
				545902FB5831A7DA0C4FE5CD /* SetCell.m in Sources */,
				5459099A09CF8618E5B6BB25 /* DurationDisplay.m in Sources */,
				54590F2DE0A40BC4E74C42A0 /* SWTimer.m in Sources */,
				545905272B2BD1E72E5F01BC /* QuoteViewController.m in Sources */,
				5459059CF1F760883A545BE0 /* ActivitySelectorInputViewController.m in Sources */,
				545904A94006B70A52734507 /* HistoryViewController.m in Sources */,
				54590615727BF6F6713941C4 /* WorkoutController.m in Sources */,
				54590932EB0474ECEFD2461B /* HistoryCell.m in Sources */,
				545908E4AE08AE9309C97858 /* CellRegister.m in Sources */,
				54590A521B88AA25554E54F9 /* PrimaryActivityFinder.m in Sources */,
				5459088D582EFF54312D9232 /* Colors.m in Sources */,
				5459033E2868864F19843FC3 /* UIImageViewHelper.m in Sources */,
				5459063EFF09D19F320CF6F9 /* WorkoutCopier.m in Sources */,
				54590C4BCE4509BFBE648974 /* NotNil.m in Sources */,
				54590F71343D7A09435938C2 /* Form.m in Sources */,
				5459050A104854CE2611F607 /* WeightInputControls.m in Sources */,
				54590734A86AD0DF370B279A /* FlavorTextUITextField.m in Sources */,
				545903DF837690ABCFCA4C44 /* FormItemBarButtonItem.m in Sources */,
				5459002593878AF8B4A8BA94 /* SelectionGroupHeader.m in Sources */,
				54590B184F8BBFBD7F5B8CD3 /* ActivitySearchCell.m in Sources */,
			);
			runOnlyForDeploymentPostprocessing = 0;
		};
		54590C6A2EB3C23B5748A690 /* Sources */ = {
			isa = PBXSourcesBuildPhase;
			buildActionMask = 2147483647;
			files = (
				545909286BF2789FEC5F277D /* DecimalNumbersTests.m in Sources */,
				5459051FE88E8E7AC5B12DE2 /* ModelTests.m in Sources */,
				545905DB034A77D24890E6CD /* SWTestCase.m in Sources */,
				5459072AA62AACF824479581 /* PlateTests.m in Sources */,
				5459004C362F8D82667493BD /* BarCalculatorTests.m in Sources */,
				545903F7AC9D9FB10A9887C8 /* ActivityWeightFormViewControllerTests.m in Sources */,
				545904B48E9BEB1559CD0C25 /* WorkoutControllerTests.m in Sources */,
				54590E57AC06674BBE929D2B /* ActivityCellFactoryTests.m in Sources */,
				54590FA6C97345D57ECC5425 /* DurationDisplayTests.m in Sources */,
				545905CA510C602B12251A49 /* PrimaryActivityFinderTests.m in Sources */,
				54590C28D65997BF8A46AEA8 /* WorkoutCopierTests.m in Sources */,
			);
			runOnlyForDeploymentPostprocessing = 0;
		};
/* End PBXSourcesBuildPhase section */

/* Begin PBXTargetDependency section */
		02423FA21A2FE81D0048BB17 /* PBXTargetDependency */ = {
			isa = PBXTargetDependency;
			target = 02423F9E1A2FE81D0048BB17 /* SmarterWorkouts Watch App */;
			targetProxy = 02423FA11A2FE81D0048BB17 /* PBXContainerItemProxy */;
		};
		02423FAB1A2FE81D0048BB17 /* PBXTargetDependency */ = {
			isa = PBXTargetDependency;
			target = 02423F8A1A2FE81D0048BB17 /* SmarterWorkouts WatchKit Extension */;
			targetProxy = 02423FAA1A2FE81D0048BB17 /* PBXContainerItemProxy */;
		};
		545902BBDF721AC34F6EF908 /* PBXTargetDependency */ = {
			isa = PBXTargetDependency;
			target = 545902536CDF9710E59E4BB2 /* SmarterWorkouts */;
			targetProxy = 54590815875FF5E3BAEC3A19 /* PBXContainerItemProxy */;
		};
/* End PBXTargetDependency section */

/* Begin PBXVariantGroup section */
		545906E82697330EFD85E5DF /* Workout.storyboard */ = {
			isa = PBXVariantGroup;
			children = (
				5459047548B43CB2B2ABA86D /* Base */,
			);
			name = Workout.storyboard;
			sourceTree = "<group>";
		};
		545909DEAE65283756E25E7A /* LaunchScreen.xib */ = {
			isa = PBXVariantGroup;
			children = (
				5459061FF264AFC33EDE1495 /* Base */,
			);
			name = LaunchScreen.xib;
			sourceTree = "<group>";
		};
/* End PBXVariantGroup section */

/* Begin XCBuildConfiguration section */
		02423FAD1A2FE81D0048BB17 /* Debug */ = {
			isa = XCBuildConfiguration;
			buildSettings = {
				CODE_SIGN_IDENTITY = "iPhone Developer";
				"CODE_SIGN_IDENTITY[sdk=iphoneos*]" = "iPhone Developer";
				GCC_PREPROCESSOR_DEFINITIONS = (
					"DEBUG=1",
					"$(inherited)",
				);
				INFOPLIST_FILE = "SmarterWorkouts WatchKit Extension/Info.plist";
				IPHONEOS_DEPLOYMENT_TARGET = 8.2;
				LD_RUNPATH_SEARCH_PATHS = "$(inherited) @executable_path/Frameworks @executable_path/../../Frameworks";
				PRODUCT_NAME = "${TARGET_NAME}";
				SKIP_INSTALL = YES;
			};
			name = Debug;
		};
		02423FAE1A2FE81D0048BB17 /* Release */ = {
			isa = XCBuildConfiguration;
			buildSettings = {
				CODE_SIGN_IDENTITY = "iPhone Developer";
				"CODE_SIGN_IDENTITY[sdk=iphoneos*]" = "iPhone Developer";
				INFOPLIST_FILE = "SmarterWorkouts WatchKit Extension/Info.plist";
				IPHONEOS_DEPLOYMENT_TARGET = 8.2;
				LD_RUNPATH_SEARCH_PATHS = "$(inherited) @executable_path/Frameworks @executable_path/../../Frameworks";
				PRODUCT_NAME = "${TARGET_NAME}";
				SKIP_INSTALL = YES;
			};
			name = Release;
		};
		02423FAF1A2FE81D0048BB17 /* Debug */ = {
			isa = XCBuildConfiguration;
			buildSettings = {
				ASSETCATALOG_COMPILER_APPICON_NAME = AppIcon;
				ASSETCATALOG_COMPILER_LAUNCHIMAGE_NAME = LaunchImage;
				GCC_PREPROCESSOR_DEFINITIONS = (
					"DEBUG=1",
					"$(inherited)",
				);
				IBSC_MODULE = SmarterWorkouts_WatchKit_Extension;
				INFOPLIST_FILE = "SmarterWorkouts Watch App/Info.plist";
				IPHONEOS_DEPLOYMENT_TARGET = 8.2;
				PRODUCT_NAME = "$(TARGET_NAME)";
				SKIP_INSTALL = YES;
				TARGETED_DEVICE_FAMILY = 4;
				"TARGETED_DEVICE_FAMILY[sdk=iphonesimulator*]" = "1,4";
			};
			name = Debug;
		};
		02423FB01A2FE81D0048BB17 /* Release */ = {
			isa = XCBuildConfiguration;
			buildSettings = {
				ASSETCATALOG_COMPILER_APPICON_NAME = AppIcon;
				ASSETCATALOG_COMPILER_LAUNCHIMAGE_NAME = LaunchImage;
				IBSC_MODULE = SmarterWorkouts_WatchKit_Extension;
				INFOPLIST_FILE = "SmarterWorkouts Watch App/Info.plist";
				IPHONEOS_DEPLOYMENT_TARGET = 8.2;
				PRODUCT_NAME = "$(TARGET_NAME)";
				SKIP_INSTALL = YES;
				TARGETED_DEVICE_FAMILY = 4;
				"TARGETED_DEVICE_FAMILY[sdk=iphonesimulator*]" = "1,4";
			};
			name = Release;
		};
		545900EC130ABC7133E6F91D /* Debug */ = {
			isa = XCBuildConfiguration;
			baseConfigurationReference = D2ABD30978FA77B752E19FB5 /* Pods.debug.xcconfig */;
			buildSettings = {
				BUNDLE_LOADER = "$(BUILT_PRODUCTS_DIR)/SmarterWorkouts.app/SmarterWorkouts";
				FRAMEWORK_SEARCH_PATHS = (
					"$(SDKROOT)/Developer/Library/Frameworks",
					"$(inherited)",
				);
				INFOPLIST_FILE = SmarterWorkoutsTests/Info.plist;
				LD_RUNPATH_SEARCH_PATHS = "$(inherited) @executable_path/Frameworks @loader_path/Frameworks";
				PRODUCT_NAME = "$(TARGET_NAME)";
				TEST_HOST = "$(BUNDLE_LOADER)";
			};
			name = Debug;
		};
		5459029655D9499BBE086737 /* Release */ = {
			isa = XCBuildConfiguration;
			baseConfigurationReference = 951EA323B2EBA6F3B93DC5EE /* Pods.release.xcconfig */;
			buildSettings = {
				ASSETCATALOG_COMPILER_APPICON_NAME = AppIcon;
				CODE_SIGN_IDENTITY = "iPhone Developer";
				"CODE_SIGN_IDENTITY[sdk=iphoneos*]" = "iPhone Developer";
				INFOPLIST_FILE = SmarterWorkouts/Info.plist;
				IPHONEOS_DEPLOYMENT_TARGET = 8.1;
				LD_RUNPATH_SEARCH_PATHS = "$(inherited) @executable_path/Frameworks";
				PRODUCT_NAME = "$(TARGET_NAME)";
				PROVISIONING_PROFILE = "";
				USER_HEADER_SEARCH_PATHS = "\"${PROJECT_DIR}/Pods\"/** \"${PROJECT_DIR}/Pods\"/** \"${PROJECT_DIR}/Pods\"/** \"${PROJECT_DIR}/Pods\"/** \"${PROJECT_DIR}/Pods\"/** \"${PROJECT_DIR}/Pods\"/** \"${PROJECT_DIR}/Pods\"/** \"${PROJECT_DIR}/Pods\"/** \"${PROJECT_DIR}/Pods\"/** \"${PROJECT_DIR}/Pods\"/** \"${PROJECT_DIR}/Pods\"/** \"${PROJECT_DIR}/Pods\"/** \"${PROJECT_DIR}/Pods\"/** \"${PROJECT_DIR}/Pods\"/** \"${PROJECT_DIR}/Pods\"/** \"${PROJECT_DIR}/Pods\"/** \"${PROJECT_DIR}/Pods\"/** \"${PROJECT_DIR}/Pods\"/** \"${PROJECT_DIR}/Pods\"/** \"${PROJECT_DIR}/Pods\"/** \"${PROJECT_DIR}/Pods\"/**";
			};
			name = Release;
		};
		54590B128CEE8DA132EE5A22 /* Debug */ = {
			isa = XCBuildConfiguration;
			baseConfigurationReference = D2ABD30978FA77B752E19FB5 /* Pods.debug.xcconfig */;
			buildSettings = {
				ASSETCATALOG_COMPILER_APPICON_NAME = AppIcon;
				CODE_SIGN_IDENTITY = "iPhone Developer";
				"CODE_SIGN_IDENTITY[sdk=iphoneos*]" = "iPhone Developer";
				INFOPLIST_FILE = SmarterWorkouts/Info.plist;
				IPHONEOS_DEPLOYMENT_TARGET = 8.1;
				LD_RUNPATH_SEARCH_PATHS = "$(inherited) @executable_path/Frameworks";
				PRODUCT_NAME = "$(TARGET_NAME)";
				PROVISIONING_PROFILE = "";
				USER_HEADER_SEARCH_PATHS = "\"${PROJECT_DIR}/Pods\"/** \"${PROJECT_DIR}/Pods\"/** \"${PROJECT_DIR}/Pods\"/** \"${PROJECT_DIR}/Pods\"/** \"${PROJECT_DIR}/Pods\"/** \"${PROJECT_DIR}/Pods\"/** \"${PROJECT_DIR}/Pods\"/** \"${PROJECT_DIR}/Pods\"/** \"${PROJECT_DIR}/Pods\"/** \"${PROJECT_DIR}/Pods\"/** \"${PROJECT_DIR}/Pods\"/** \"${PROJECT_DIR}/Pods\"/** \"${PROJECT_DIR}/Pods\"/** \"${PROJECT_DIR}/Pods\"/** \"${PROJECT_DIR}/Pods\"/** \"${PROJECT_DIR}/Pods\"/** \"${PROJECT_DIR}/Pods\"/** \"${PROJECT_DIR}/Pods\"/** \"${PROJECT_DIR}/Pods\"/** \"${PROJECT_DIR}/Pods\"/** \"${PROJECT_DIR}/Pods\"/**";
			};
			name = Debug;
		};
		54590C3DDE05C0586A27165C /* Release */ = {
			isa = XCBuildConfiguration;
			baseConfigurationReference = 951EA323B2EBA6F3B93DC5EE /* Pods.release.xcconfig */;
			buildSettings = {
				BUNDLE_LOADER = "$(BUILT_PRODUCTS_DIR)/SmarterWorkouts.app/SmarterWorkouts";
				FRAMEWORK_SEARCH_PATHS = (
					"$(SDKROOT)/Developer/Library/Frameworks",
					"$(inherited)",
				);
				INFOPLIST_FILE = SmarterWorkoutsTests/Info.plist;
				LD_RUNPATH_SEARCH_PATHS = "$(inherited) @executable_path/Frameworks @loader_path/Frameworks";
				PRODUCT_NAME = "$(TARGET_NAME)";
				TEST_HOST = "$(BUNDLE_LOADER)";
			};
			name = Release;
		};
		54590CB5A9E60EFA4164910A /* Release */ = {
			isa = XCBuildConfiguration;
			buildSettings = {
				ALWAYS_SEARCH_USER_PATHS = NO;
				CLANG_CXX_LANGUAGE_STANDARD = "gnu++0x";
				CLANG_CXX_LIBRARY = "libc++";
				CLANG_ENABLE_MODULES = YES;
				CLANG_ENABLE_OBJC_ARC = YES;
				CLANG_WARN_BOOL_CONVERSION = YES;
				CLANG_WARN_CONSTANT_CONVERSION = YES;
				CLANG_WARN_DIRECT_OBJC_ISA_USAGE = YES_ERROR;
				CLANG_WARN_EMPTY_BODY = YES;
				CLANG_WARN_ENUM_CONVERSION = YES;
				CLANG_WARN_INT_CONVERSION = YES;
				CLANG_WARN_OBJC_ROOT_CLASS = YES_ERROR;
				CLANG_WARN_UNREACHABLE_CODE = YES;
				CLANG_WARN__DUPLICATE_METHOD_MATCH = YES;
				"CODE_SIGN_IDENTITY[sdk=iphoneos*]" = "iPhone Developer";
				COPY_PHASE_STRIP = YES;
				ENABLE_NS_ASSERTIONS = NO;
				ENABLE_STRICT_OBJC_MSGSEND = YES;
				GCC_C_LANGUAGE_STANDARD = gnu99;
				GCC_WARN_64_TO_32_BIT_CONVERSION = YES;
				GCC_WARN_ABOUT_RETURN_TYPE = YES_ERROR;
				GCC_WARN_UNDECLARED_SELECTOR = YES;
				GCC_WARN_UNINITIALIZED_AUTOS = YES_AGGRESSIVE;
				GCC_WARN_UNUSED_FUNCTION = YES;
				GCC_WARN_UNUSED_VARIABLE = YES;
				IPHONEOS_DEPLOYMENT_TARGET = 8.0;
				MTL_ENABLE_DEBUG_INFO = NO;
				SDKROOT = iphoneos;
				TARGETED_DEVICE_FAMILY = "1,2";
				VALIDATE_PRODUCT = YES;
			};
			name = Release;
		};
		54590E95E0D4DED4C427928B /* Debug */ = {
			isa = XCBuildConfiguration;
			buildSettings = {
				ALWAYS_SEARCH_USER_PATHS = NO;
				CLANG_CXX_LANGUAGE_STANDARD = "gnu++0x";
				CLANG_CXX_LIBRARY = "libc++";
				CLANG_ENABLE_MODULES = YES;
				CLANG_ENABLE_OBJC_ARC = YES;
				CLANG_WARN_BOOL_CONVERSION = YES;
				CLANG_WARN_CONSTANT_CONVERSION = YES;
				CLANG_WARN_DIRECT_OBJC_ISA_USAGE = YES_ERROR;
				CLANG_WARN_EMPTY_BODY = YES;
				CLANG_WARN_ENUM_CONVERSION = YES;
				CLANG_WARN_INT_CONVERSION = YES;
				CLANG_WARN_OBJC_ROOT_CLASS = YES_ERROR;
				CLANG_WARN_UNREACHABLE_CODE = YES;
				CLANG_WARN__DUPLICATE_METHOD_MATCH = YES;
				"CODE_SIGN_IDENTITY[sdk=iphoneos*]" = "iPhone Developer";
				COPY_PHASE_STRIP = NO;
				ENABLE_STRICT_OBJC_MSGSEND = YES;
				GCC_C_LANGUAGE_STANDARD = gnu99;
				GCC_DYNAMIC_NO_PIC = NO;
				GCC_OPTIMIZATION_LEVEL = 0;
				GCC_PREPROCESSOR_DEFINITIONS = (
					"DEBUG=1",
					"$(inherited)",
				);
				GCC_SYMBOLS_PRIVATE_EXTERN = NO;
				GCC_WARN_64_TO_32_BIT_CONVERSION = YES;
				GCC_WARN_ABOUT_RETURN_TYPE = YES_ERROR;
				GCC_WARN_UNDECLARED_SELECTOR = YES;
				GCC_WARN_UNINITIALIZED_AUTOS = YES_AGGRESSIVE;
				GCC_WARN_UNUSED_FUNCTION = YES;
				GCC_WARN_UNUSED_VARIABLE = YES;
				IPHONEOS_DEPLOYMENT_TARGET = 8.0;
				MTL_ENABLE_DEBUG_INFO = YES;
				ONLY_ACTIVE_ARCH = YES;
				SDKROOT = iphoneos;
				TARGETED_DEVICE_FAMILY = "1,2";
			};
			name = Debug;
		};
/* End XCBuildConfiguration section */

/* Begin XCConfigurationList section */
		02423FB11A2FE81D0048BB17 /* Build configuration list for PBXNativeTarget "SmarterWorkouts Watch App" */ = {
			isa = XCConfigurationList;
			buildConfigurations = (
				02423FAF1A2FE81D0048BB17 /* Debug */,
				02423FB01A2FE81D0048BB17 /* Release */,
			);
			defaultConfigurationIsVisible = 0;
			defaultConfigurationName = Release;
		};
		02423FB21A2FE81D0048BB17 /* Build configuration list for PBXNativeTarget "SmarterWorkouts WatchKit Extension" */ = {
			isa = XCConfigurationList;
			buildConfigurations = (
				02423FAD1A2FE81D0048BB17 /* Debug */,
				02423FAE1A2FE81D0048BB17 /* Release */,
			);
			defaultConfigurationIsVisible = 0;
			defaultConfigurationName = Release;
		};
		54590E14121E96ADDADB146C /* Build configuration list for PBXNativeTarget "SmarterWorkoutsTests" */ = {
			isa = XCConfigurationList;
			buildConfigurations = (
				545900EC130ABC7133E6F91D /* Debug */,
				54590C3DDE05C0586A27165C /* Release */,
			);
			defaultConfigurationIsVisible = 0;
			defaultConfigurationName = Release;
		};
		54590F3259FCCC41F9AA418D /* Build configuration list for PBXNativeTarget "SmarterWorkouts" */ = {
			isa = XCConfigurationList;
			buildConfigurations = (
				54590B128CEE8DA132EE5A22 /* Debug */,
				5459029655D9499BBE086737 /* Release */,
			);
			defaultConfigurationIsVisible = 0;
			defaultConfigurationName = Release;
		};
		54590FFBAF335D6C15E7BEA2 /* Build configuration list for PBXProject "SmarterWorkouts" */ = {
			isa = XCConfigurationList;
			buildConfigurations = (
				54590E95E0D4DED4C427928B /* Debug */,
				54590CB5A9E60EFA4164910A /* Release */,
			);
			defaultConfigurationIsVisible = 0;
			defaultConfigurationName = Release;
		};
/* End XCConfigurationList section */

/* Begin XCVersionGroup section */
		0267A9AA1A21180D00DE7DBC /* Workout.xcdatamodeld */ = {
			isa = XCVersionGroup;
			children = (
				0267A9AB1A21180D00DE7DBC /* Workout.xcdatamodel */,
			);
			currentVersion = 0267A9AB1A21180D00DE7DBC /* Workout.xcdatamodel */;
			path = Workout.xcdatamodeld;
			sourceTree = "<group>";
			versionGroupType = wrapper.xcdatamodel;
		};
/* End XCVersionGroup section */
	};
	rootObject = 54590B7E717641F0455C5327 /* Project object */;
}
